{
  "name": "mtbird-extension-component-mobile",
  "version": "0.0.3-beta.48",
  "lockfileVersion": 1,
  "requires": true,
  "dependencies": {
    "@babel/runtime": {
      "version": "7.20.6",
      "resolved": "https://registry.npmjs.org/@babel/runtime/-/runtime-7.20.6.tgz",
      "integrity": "sha512-Q+8MqP7TiHMWzSfwiJwXCjyf4GYA4Dgw3emg/7xmwsdLJOZUp+nMqcOwOzzYheuM1rhDu8FSj2l0aoMygEuXuA==",
      "requires": {
        "regenerator-runtime": "^0.13.11"
      }
    },
    "@floating-ui/core": {
      "version": "1.0.2",
      "resolved": "https://registry.npmjs.org/@floating-ui/core/-/core-1.0.2.tgz",
      "integrity": "sha512-Skfy0YS3NJ5nV9us0uuPN0HDk1Q4edljaOhRBJGDWs9EBa7ZVMYBHRFlhLvvmwEoaIM9BlH6QJFn9/uZg0bACg=="
    },
    "@floating-ui/dom": {
      "version": "1.0.7",
      "resolved": "https://registry.npmjs.org/@floating-ui/dom/-/dom-1.0.7.tgz",
      "integrity": "sha512-6RsqvCYe0AYWtsGvuWqCm7mZytnXAZCjWtsWu1Kg8dI3INvj/DbKlDsZO+mKSaQdPT12uxIW9W2dAWJkPx4Y5g==",
      "requires": {
        "@floating-ui/core": "^1.0.2"
      }
    },
    "@react-spring/animated": {
      "version": "9.5.5",
      "resolved": "https://registry.npmjs.org/@react-spring/animated/-/animated-9.5.5.tgz",
      "integrity": "sha512-glzViz7syQ3CE6BQOwAyr75cgh0qsihm5lkaf24I0DfU63cMm/3+br299UEYkuaHNmfDfM414uktiPlZCNJbQA==",
      "requires": {
        "@react-spring/shared": "~9.5.5",
        "@react-spring/types": "~9.5.5"
      }
    },
    "@react-spring/core": {
      "version": "9.5.5",
      "resolved": "https://registry.npmjs.org/@react-spring/core/-/core-9.5.5.tgz",
      "integrity": "sha512-shaJYb3iX18Au6gkk8ahaF0qx0LpS0Yd+ajb4asBaAQf6WPGuEdJsbsNSgei1/O13JyEATsJl20lkjeslJPMYA==",
      "requires": {
        "@react-spring/animated": "~9.5.5",
        "@react-spring/rafz": "~9.5.5",
        "@react-spring/shared": "~9.5.5",
        "@react-spring/types": "~9.5.5"
      }
    },
    "@react-spring/rafz": {
      "version": "9.5.5",
      "resolved": "https://registry.npmjs.org/@react-spring/rafz/-/rafz-9.5.5.tgz",
      "integrity": "sha512-F/CLwB0d10jL6My5vgzRQxCNY2RNyDJZedRBK7FsngdCmzoq3V4OqqNc/9voJb9qRC2wd55oGXUeXv2eIaFmsw=="
    },
    "@react-spring/shared": {
      "version": "9.5.5",
      "resolved": "https://registry.npmjs.org/@react-spring/shared/-/shared-9.5.5.tgz",
      "integrity": "sha512-YwW70Pa/YXPOwTutExHZmMQSHcNC90kJOnNR4G4mCDNV99hE98jWkIPDOsgqbYx3amIglcFPiYKMaQuGdr8dyQ==",
      "requires": {
        "@react-spring/rafz": "~9.5.5",
        "@react-spring/types": "~9.5.5"
      }
    },
    "@react-spring/types": {
      "version": "9.5.5",
      "resolved": "https://registry.npmjs.org/@react-spring/types/-/types-9.5.5.tgz",
      "integrity": "sha512-7I/qY8H7Enwasxr4jU6WmtNK+RZ4Z/XvSlDvjXFVe7ii1x0MoSlkw6pD7xuac8qrHQRm9BTcbZNyeeKApYsvCg=="
    },
    "@react-spring/web": {
      "version": "9.5.5",
      "resolved": "https://registry.npmjs.org/@react-spring/web/-/web-9.5.5.tgz",
      "integrity": "sha512-+moT8aDX/ho/XAhU+HRY9m0LVV9y9CK6NjSRaI+30Re150pB3iEip6QfnF4qnhSCQ5drpMF0XRXHgOTY/xbtFw==",
      "requires": {
        "@react-spring/animated": "~9.5.5",
        "@react-spring/core": "~9.5.5",
        "@react-spring/shared": "~9.5.5",
        "@react-spring/types": "~9.5.5"
      }
    },
    "@types/js-cookie": {
      "version": "2.2.7",
      "resolved": "https://registry.npmjs.org/@types/js-cookie/-/js-cookie-2.2.7.tgz",
      "integrity": "sha512-aLkWa0C0vO5b4Sr798E26QgOkss68Un0bLjs7u9qxzPT5CG+8DuNTffWES58YzJs3hrVAOs1wonycqEBqNJubA=="
    },
    "@use-gesture/core": {
      "version": "10.2.20",
      "resolved": "https://registry.npmjs.org/@use-gesture/core/-/core-10.2.20.tgz",
      "integrity": "sha512-4lFhHc8so4yIHkBEs641DnEsBxPyhJ5GEjB4PURFDH4p/FcZriH6w99knZgI63zN/MBFfylMyb8+PDuj6RIXKQ=="
    },
    "@use-gesture/react": {
      "version": "10.2.20",
      "resolved": "https://registry.npmjs.org/@use-gesture/react/-/react-10.2.20.tgz",
      "integrity": "sha512-KnJq9ZSqprWA6uNhWTUHZqTCh+rfa0j8ehTzqeBhktUPrmTj7yVOBvEQ/vSFU/7d72cGgWSsJ0f5T6GQCHXnvg==",
      "requires": {
        "@use-gesture/core": "10.2.20"
      }
    },
    "ahooks": {
      "version": "3.7.2",
      "resolved": "https://registry.npmjs.org/ahooks/-/ahooks-3.7.2.tgz",
      "integrity": "sha512-nJPsQJcmJnGaNXiqgZdfO7UMs+o926LQg6VyDYt2vzKhXU8Ze/U87NsA/FeIvlIZB0rQr/j7uotFb1bGPp627A==",
      "requires": {
        "@types/js-cookie": "^2.x.x",
        "ahooks-v3-count": "^1.0.0",
        "dayjs": "^1.9.1",
        "intersection-observer": "^0.12.0",
        "js-cookie": "^2.x.x",
        "lodash": "^4.17.21",
        "resize-observer-polyfill": "^1.5.1",
        "screenfull": "^5.0.0"
      }
    },
    "ahooks-v3-count": {
      "version": "1.0.0",
      "resolved": "https://registry.npmjs.org/ahooks-v3-count/-/ahooks-v3-count-1.0.0.tgz",
      "integrity": "sha512-V7uUvAwnimu6eh/PED4mCDjE7tokeZQLKlxg9lCTMPhN+NjsSbtdacByVlR1oluXQzD3MOw55wylDmQo4+S9ZQ=="
    },
    "antd-mobile": {
      "version": "5.26.0",
      "resolved": "https://registry.npmjs.org/antd-mobile/-/antd-mobile-5.26.0.tgz",
      "integrity": "sha512-syhaSpgiR+SG+s868R0nS+vj3pORVrM2fp9ZPLQD5yHlpxdXZ9/OY82+ttNtuazz2r37PxOOQ/0ggQds5t9LrA==",
      "requires": {
        "@floating-ui/dom": "^1.0.6",
        "@react-spring/web": "^9.5.5",
        "@use-gesture/react": "10.2.20",
        "ahooks": "^3.7.2",
        "antd-mobile-icons": "^0.3.0",
        "antd-mobile-v5-count": "^1.0.1",
        "big.js": "^6.2.1",
        "classnames": "^2.3.2",
        "dayjs": "^1.11.6",
        "lodash": "^4.17.21",
        "rc-field-form": "~1.27.3",
        "react-is": "^17.0.2",
        "runes": "^0.4.3",
        "staged-components": "^1.1.3",
        "tslib": "^2.4.1",
        "use-sync-external-store": "^1.2.0"
      }
    },
    "antd-mobile-icons": {
      "version": "0.3.0",
      "resolved": "https://registry.npmjs.org/antd-mobile-icons/-/antd-mobile-icons-0.3.0.tgz",
      "integrity": "sha512-rqINQpJWZWrva9moCd1Ye695MZYWmqLPE+bY8d2xLRy7iSQwPsinCdZYjpUPp2zL/LnKYSyXxP2ut2A+DC+whQ=="
    },
    "antd-mobile-v5-count": {
      "version": "1.0.1",
      "resolved": "https://registry.npmjs.org/antd-mobile-v5-count/-/antd-mobile-v5-count-1.0.1.tgz",
      "integrity": "sha512-YGsiEDCPUDz3SzfXi6gLZn/HpeSMW+jgPc4qiYUr1fSopg3hkUie2TnooJdExgfiETHefH3Ggs58He0OVfegLA=="
    },
    "async-validator": {
      "version": "4.2.5",
      "resolved": "https://registry.npmjs.org/async-validator/-/async-validator-4.2.5.tgz",
      "integrity": "sha512-7HhHjtERjqlNbZtqNqy2rckN/SpOOlmDliet+lP7k+eKZEjPk3DgyeU9lIXLdeLz0uBbbVp+9Qdow9wJWgwwfg=="
    },
    "big.js": {
      "version": "6.2.1",
      "resolved": "https://registry.npmjs.org/big.js/-/big.js-6.2.1.tgz",
      "integrity": "sha512-bCtHMwL9LeDIozFn+oNhhFoq+yQ3BNdnsLSASUxLciOb1vgvpHsIO1dsENiGMgbb4SkP5TrzWzRiLddn8ahVOQ=="
    },
    "classnames": {
      "version": "2.3.2",
      "resolved": "https://registry.npmjs.org/classnames/-/classnames-2.3.2.tgz",
      "integrity": "sha512-CSbhY4cFEJRe6/GQzIk5qXZ4Jeg5pcsP7b5peFSDpffpe1cqjASH/n9UTjBwOp6XpMSTwQ8Za2K5V02ueA7Tmw=="
    },
    "dayjs": {
      "version": "1.11.6",
      "resolved": "https://registry.npmjs.org/dayjs/-/dayjs-1.11.6.tgz",
      "integrity": "sha512-zZbY5giJAinCG+7AGaw0wIhNZ6J8AhWuSXKvuc1KAyMiRsvGQWqh4L+MomvhdAYjN+lqvVCMq1I41e3YHvXkyQ=="
    },
    "intersection-observer": {
      "version": "0.12.2",
      "resolved": "https://registry.npmjs.org/intersection-observer/-/intersection-observer-0.12.2.tgz",
      "integrity": "sha512-7m1vEcPCxXYI8HqnL8CKI6siDyD+eIWSwgB3DZA+ZTogxk9I4CDnj4wilt9x/+/QbHI4YG5YZNmC6458/e9Ktg=="
    },
    "js-cookie": {
      "version": "2.2.1",
      "resolved": "https://registry.npmjs.org/js-cookie/-/js-cookie-2.2.1.tgz",
      "integrity": "sha512-HvdH2LzI/EAZcUwA8+0nKNtWHqS+ZmijLA30RwZA0bo7ToCckjK5MkGhjED9KoRcXO6BaGI3I9UIzSA1FKFPOQ=="
    },
    "lodash": {
      "version": "4.17.21",
      "resolved": "https://registry.npmjs.org/lodash/-/lodash-4.17.21.tgz",
      "integrity": "sha512-v2kDEe57lecTulaDIuNTPy3Ry4gLGJ6Z1O3vE1krgXZNrsQ+LFTGHVxVjcXPs17LhbZVGedAJv8XZ1tvj5FvSg=="
    },
    "rc-field-form": {
      "version": "1.27.3",
      "resolved": "https://registry.npmjs.org/rc-field-form/-/rc-field-form-1.27.3.tgz",
      "integrity": "sha512-HGqxHnmGQgkPApEcikV4qTg3BLPC82uB/cwBDftDt1pYaqitJfSl5TFTTUMKVEJVT5RqJ2Zi68ME1HmIMX2HAw==",
      "requires": {
        "@babel/runtime": "^7.18.0",
        "async-validator": "^4.1.0",
        "rc-util": "^5.8.0"
      }
    },
    "rc-util": {
      "version": "5.24.8",
      "resolved": "https://registry.npmjs.org/rc-util/-/rc-util-5.24.8.tgz",
      "integrity": "sha512-AS222gRVeH5RDdaRUd9ur9/E9MMQn5sZA3d4Z1vGU7JXW9dxD9kPijax00RG+dU2EJTfwySstFLDoSqpAPMNKw==",
      "requires": {
        "@babel/runtime": "^7.18.3",
        "react-is": "^16.12.0",
        "shallowequal": "^1.1.0"
      },
      "dependencies": {
        "react-is": {
          "version": "16.13.1",
          "resolved": "https://registry.npmjs.org/react-is/-/react-is-16.13.1.tgz",
          "integrity": "sha512-24e6ynE2H+OKt4kqsOvNd8kBpV65zoxbA4BVsEOB3ARVWQki/DHzaUoC5KuON/BiccDaCCTZBuOcfZs70kR8bQ=="
        }
      }
    },
    "react-is": {
      "version": "17.0.2",
      "resolved": "https://registry.npmjs.org/react-is/-/react-is-17.0.2.tgz",
      "integrity": "sha512-w2GsyukL62IJnlaff/nRegPQR94C/XXamvMWmSHRJ4y7Ts/4ocGRmTHvOs8PSE6pB3dWOrD/nueuU5sduBsQ4w=="
    },
    "regenerator-runtime": {
      "version": "0.13.11",
      "resolved": "https://registry.npmjs.org/regenerator-runtime/-/regenerator-runtime-0.13.11.tgz",
      "integrity": "sha512-kY1AZVr2Ra+t+piVaJ4gxaFaReZVH40AKNo7UCX6W+dEwBo/2oZJzqfuN1qLq1oL45o56cPaTXELwrTh8Fpggg=="
    },
    "resize-observer-polyfill": {
      "version": "1.5.1",
      "resolved": "https://registry.npmjs.org/resize-observer-polyfill/-/resize-observer-polyfill-1.5.1.tgz",
      "integrity": "sha512-LwZrotdHOo12nQuZlHEmtuXdqGoOD0OhaxopaNFxWzInpEgaLWoVuAMbTzixuosCx2nEG58ngzW3vxdWoxIgdg=="
    },
    "runes": {
      "version": "0.4.3",
      "resolved": "https://registry.npmjs.org/runes/-/runes-0.4.3.tgz",
      "integrity": "sha512-K6p9y4ZyL9wPzA+PMDloNQPfoDGTiFYDvdlXznyGKgD10BJpcAosvATKrExRKOrNLgD8E7Um7WGW0lxsnOuNLg=="
    },
    "screenfull": {
      "version": "5.2.0",
      "resolved": "https://registry.npmjs.org/screenfull/-/screenfull-5.2.0.tgz",
      "integrity": "sha512-9BakfsO2aUQN2K9Fdbj87RJIEZ82Q9IGim7FqM5OsebfoFC6ZHXgDq/KvniuLTPdeM8wY2o6Dj3WQ7KeQCj3cA=="
    },
    "shallowequal": {
      "version": "1.1.0",
      "resolved": "https://registry.npmjs.org/shallowequal/-/shallowequal-1.1.0.tgz",
      "integrity": "sha512-y0m1JoUZSlPAjXVtPPW70aZWfIL/dSP7AFkRnniLCrK/8MDKog3TySTBmckD+RObVxH0v4Tox67+F14PdED2oQ=="
    },
    "staged-components": {
      "version": "1.1.3",
      "resolved": "https://registry.npmjs.org/staged-components/-/staged-components-1.1.3.tgz",
      "integrity": "sha512-9EIswzDqjwlEu+ymkV09TTlJfzSbKgEnNteUnZSTxkpMgr5Wx2CzzA9WcMFWBNCldqVPsHVnRGGrApduq2Se5A=="
    },
    "tslib": {
      "version": "2.4.1",
      "resolved": "https://registry.npmjs.org/tslib/-/tslib-2.4.1.tgz",
      "integrity": "sha512-tGyy4dAjRIEwI7BzsB0lynWgOpfqjUdq91XXAlIWD2OwKBH7oCl/GZG/HT4BOHrTlPMOASlMQ7veyTqpmRcrNA=="
    },
    "use-sync-external-store": {
      "version": "1.2.0",
      "resolved": "https://registry.npmjs.org/use-sync-external-store/-/use-sync-external-store-1.2.0.tgz",
      "integrity": "sha512-eEgnFxGQ1Ife9bzYs6VLi8/4X6CObHMw9Qr9tPY43iKwsPw8xE8+EFsf/2cFZ5S3esXgpWgtSCtLNS41F+sKPA=="
    }
  }
}
