# THIS IS AN AUTOGENERATED FILE. DO NOT EDIT THIS FILE DIRECTLY.
# yarn lockfile v1


"@babel/runtime@^7.18.0", "@babel/runtime@^7.18.3":
  version "7.20.1"
  resolved "https://mirrors.cloud.tencent.com/npm/@babel%2fruntime/-/runtime-7.20.1.tgz#1148bb33ab252b165a06698fde7576092a78b4a9"
  integrity sha512-mrzLkl6U9YLF8qpqI7TB82PESyEGjm/0Ly91jG575eVxMMlb8fYfOXFZIJ8XfLrJZQbm7dlKry2bJmXBUEkdFg==
  dependencies:
    regenerator-runtime "^0.13.10"

"@floating-ui/core@^1.0.2":
  version "1.0.2"
  resolved "https://mirrors.cloud.tencent.com/npm/@floating-ui%2fcore/-/core-1.0.2.tgz#d06a66d3ad8214186eda2432ac8b8d81868a571f"
  integrity sha512-Skfy0YS3NJ5nV9us0uuPN0HDk1Q4edljaOhRBJGDWs9EBa7ZVMYBHRFlhLvvmwEoaIM9BlH6QJFn9/uZg0bACg==

"@floating-ui/dom@^1.0.0":
  version "1.0.6"
  resolved "https://mirrors.cloud.tencent.com/npm/@floating-ui%2fdom/-/dom-1.0.6.tgz#e42393ec381a4fe96673fbcee137a95e86c93ebc"
  integrity sha512-kt/tg1oip9OAH1xjCTcx1OpcUpu9rjDw3GKJ/rEhUqhO7QyJWfrHU0DpLTNsH67+JyFL5Kv9X1utsXwKFVtyEQ==
  dependencies:
    "@floating-ui/core" "^1.0.2"

"@mtbird/core@^0.0.3-beta.64":
  version "0.0.3-beta.64"
  resolved "https://registry.yarnpkg.com/@mtbird/core/-/core-0.0.3-beta.64.tgz#7e3c33401fe94f968b0332eb910330d884ea5580"
  integrity sha512-30SngjvxnwmDZXj+jqHBN10kFbPQIE16hQ2kgTIk8MVVy1ys0KMyggnROU4IC8OW/liFH/yJeff/sOEaCbJN2w==
  dependencies:
    eventemitter2 "^6.4.9"
    nanoid "^4.0.0"

"@react-spring/animated@~9.5.5":
  version "9.5.5"
  resolved "https://mirrors.cloud.tencent.com/npm/@react-spring%2fanimated/-/animated-9.5.5.tgz#d3bfd0f62ed13a337463a55d2c93bb23c15bbf3e"
  integrity sha512-glzViz7syQ3CE6BQOwAyr75cgh0qsihm5lkaf24I0DfU63cMm/3+br299UEYkuaHNmfDfM414uktiPlZCNJbQA==
  dependencies:
    "@react-spring/shared" "~9.5.5"
    "@react-spring/types" "~9.5.5"

"@react-spring/core@~9.5.5":
  version "9.5.5"
  resolved "https://mirrors.cloud.tencent.com/npm/@react-spring%2fcore/-/core-9.5.5.tgz#1d8a4c64630ee26b2295361e1eedfd716a85b4ae"
  integrity sha512-shaJYb3iX18Au6gkk8ahaF0qx0LpS0Yd+ajb4asBaAQf6WPGuEdJsbsNSgei1/O13JyEATsJl20lkjeslJPMYA==
  dependencies:
    "@react-spring/animated" "~9.5.5"
    "@react-spring/rafz" "~9.5.5"
    "@react-spring/shared" "~9.5.5"
    "@react-spring/types" "~9.5.5"

"@react-spring/rafz@~9.5.5":
  version "9.5.5"
  resolved "https://mirrors.cloud.tencent.com/npm/@react-spring%2frafz/-/rafz-9.5.5.tgz#62a49c5e294104b79db2a8afdf4f3a274c7f44ca"
  integrity sha512-F/CLwB0d10jL6My5vgzRQxCNY2RNyDJZedRBK7FsngdCmzoq3V4OqqNc/9voJb9qRC2wd55oGXUeXv2eIaFmsw==

"@react-spring/shared@~9.5.5":
  version "9.5.5"
  resolved "https://mirrors.cloud.tencent.com/npm/@react-spring%2fshared/-/shared-9.5.5.tgz#9be0b391d546e3e184a24ecbaf40acbaeab7fc73"
  integrity sha512-YwW70Pa/YXPOwTutExHZmMQSHcNC90kJOnNR4G4mCDNV99hE98jWkIPDOsgqbYx3amIglcFPiYKMaQuGdr8dyQ==
  dependencies:
    "@react-spring/rafz" "~9.5.5"
    "@react-spring/types" "~9.5.5"

"@react-spring/types@~9.5.5":
  version "9.5.5"
  resolved "https://mirrors.cloud.tencent.com/npm/@react-spring%2ftypes/-/types-9.5.5.tgz#c8e94f1b9232ca7cb9d860ea67762ec401b1de14"
  integrity sha512-7I/qY8H7Enwasxr4jU6WmtNK+RZ4Z/XvSlDvjXFVe7ii1x0MoSlkw6pD7xuac8qrHQRm9BTcbZNyeeKApYsvCg==

"@react-spring/web@^9.4.5":
  version "9.5.5"
  resolved "https://mirrors.cloud.tencent.com/npm/@react-spring%2fweb/-/web-9.5.5.tgz#d416abc591aaed930401f0c98a991a8c5b90c382"
  integrity sha512-+moT8aDX/ho/XAhU+HRY9m0LVV9y9CK6NjSRaI+30Re150pB3iEip6QfnF4qnhSCQ5drpMF0XRXHgOTY/xbtFw==
  dependencies:
    "@react-spring/animated" "~9.5.5"
    "@react-spring/core" "~9.5.5"
    "@react-spring/shared" "~9.5.5"
    "@react-spring/types" "~9.5.5"

"@types/js-cookie@^2.x.x":
  version "2.2.7"
  resolved "https://mirrors.cloud.tencent.com/npm/@types%2fjs-cookie/-/js-cookie-2.2.7.tgz#226a9e31680835a6188e887f3988e60c04d3f6a3"
  integrity sha512-aLkWa0C0vO5b4Sr798E26QgOkss68Un0bLjs7u9qxzPT5CG+8DuNTffWES58YzJs3hrVAOs1wonycqEBqNJubA==

"@use-gesture/core@10.2.20":
  version "10.2.20"
  resolved "https://mirrors.cloud.tencent.com/npm/@use-gesture%2fcore/-/core-10.2.20.tgz#b29e0aadd5e90336e599d849e50eef0e06aa28bf"
  integrity sha512-4lFhHc8so4yIHkBEs641DnEsBxPyhJ5GEjB4PURFDH4p/FcZriH6w99knZgI63zN/MBFfylMyb8+PDuj6RIXKQ==

"@use-gesture/react@10.2.20":
  version "10.2.20"
  resolved "https://mirrors.cloud.tencent.com/npm/@use-gesture%2freact/-/react-10.2.20.tgz#2d556a62c22200507b9d478ce7159057004acb8d"
  integrity sha512-KnJq9ZSqprWA6uNhWTUHZqTCh+rfa0j8ehTzqeBhktUPrmTj7yVOBvEQ/vSFU/7d72cGgWSsJ0f5T6GQCHXnvg==
  dependencies:
    "@use-gesture/core" "10.2.20"

ahooks-v3-count@^1.0.0:
  version "1.0.0"
  resolved "https://mirrors.cloud.tencent.com/npm/ahooks-v3-count/-/ahooks-v3-count-1.0.0.tgz#ddeb392e009ad6e748905b3cbf63a9fd8262ca80"
  integrity sha512-V7uUvAwnimu6eh/PED4mCDjE7tokeZQLKlxg9lCTMPhN+NjsSbtdacByVlR1oluXQzD3MOw55wylDmQo4+S9ZQ==

ahooks@^3.7.0:
  version "3.7.2"
  resolved "https://mirrors.cloud.tencent.com/npm/ahooks/-/ahooks-3.7.2.tgz#0afa42625e77ae1cc4b60b19c45cf12a8cf29b56"
  integrity sha512-nJPsQJcmJnGaNXiqgZdfO7UMs+o926LQg6VyDYt2vzKhXU8Ze/U87NsA/FeIvlIZB0rQr/j7uotFb1bGPp627A==
  dependencies:
    "@types/js-cookie" "^2.x.x"
    ahooks-v3-count "^1.0.0"
    dayjs "^1.9.1"
    intersection-observer "^0.12.0"
    js-cookie "^2.x.x"
    lodash "^4.17.21"
    resize-observer-polyfill "^1.5.1"
    screenfull "^5.0.0"

antd-mobile-icons@^0.3.0:
  version "0.3.0"
  resolved "https://mirrors.cloud.tencent.com/npm/antd-mobile-icons/-/antd-mobile-icons-0.3.0.tgz#9b29e4588a62370909061f10ff0579aabb0b32a9"
  integrity sha512-rqINQpJWZWrva9moCd1Ye695MZYWmqLPE+bY8d2xLRy7iSQwPsinCdZYjpUPp2zL/LnKYSyXxP2ut2A+DC+whQ==

antd-mobile-v5-count@^1.0.1:
  version "1.0.1"
  resolved "https://mirrors.cloud.tencent.com/npm/antd-mobile-v5-count/-/antd-mobile-v5-count-1.0.1.tgz#85f20c46d1635c24e856bcf5ad55e8c98e44a523"
  integrity sha512-YGsiEDCPUDz3SzfXi6gLZn/HpeSMW+jgPc4qiYUr1fSopg3hkUie2TnooJdExgfiETHefH3Ggs58He0OVfegLA==

antd-mobile@^5.25.1:
  version "5.25.1"
  resolved "https://mirrors.cloud.tencent.com/npm/antd-mobile/-/antd-mobile-5.25.1.tgz#b87ee94d5a919f9940a246d382cfa4d0a7dace2a"
  integrity sha512-uQnF56R5eM5w4TF4UAnTrkdxaswSb9SjB5M/hz7cdOevQKJ1hbIqKqrUfyvq8S9tnw2VqXMVbyBMB6R6jtCVAg==
  dependencies:
    "@floating-ui/dom" "^1.0.0"
    "@react-spring/web" "^9.4.5"
    "@use-gesture/react" "10.2.20"
    ahooks "^3.7.0"
    antd-mobile-icons "^0.3.0"
    antd-mobile-v5-count "^1.0.1"
    big.js "^6.2.1"
    classnames "^2.3.1"
    dayjs "^1.11.4"
    lodash "^4.17.21"
    rc-field-form "~1.27.0"
    react-is "^17.0.2"
    runes "^0.4.3"
    staged-components "^1.1.3"
    tslib "^2.4.0"
    use-sync-external-store "^1.1.0"

async-validator@^4.1.0:
  version "4.2.5"
  resolved "https://mirrors.cloud.tencent.com/npm/async-validator/-/async-validator-4.2.5.tgz#c96ea3332a521699d0afaaceed510a54656c6339"
  integrity sha512-7HhHjtERjqlNbZtqNqy2rckN/SpOOlmDliet+lP7k+eKZEjPk3DgyeU9lIXLdeLz0uBbbVp+9Qdow9wJWgwwfg==

big.js@^6.2.1:
  version "6.2.1"
  resolved "https://mirrors.cloud.tencent.com/npm/big.js/-/big.js-6.2.1.tgz#7205ce763efb17c2e41f26f121c420c6a7c2744f"
  integrity sha512-bCtHMwL9LeDIozFn+oNhhFoq+yQ3BNdnsLSASUxLciOb1vgvpHsIO1dsENiGMgbb4SkP5TrzWzRiLddn8ahVOQ==

classnames@^2.3.1:
  version "2.3.2"
  resolved "https://mirrors.cloud.tencent.com/npm/classnames/-/classnames-2.3.2.tgz#351d813bf0137fcc6a76a16b88208d2560a0d924"
  integrity sha512-CSbhY4cFEJRe6/GQzIk5qXZ4Jeg5pcsP7b5peFSDpffpe1cqjASH/n9UTjBwOp6XpMSTwQ8Za2K5V02ueA7Tmw==

cross-env@^7.0.3:
  version "7.0.3"
  resolved "https://registry.yarnpkg.com/cross-env/-/cross-env-7.0.3.tgz#865264b29677dc015ba8418918965dd232fc54cf"
  integrity sha512-+/HKd6EgcQCJGh2PSjZuUitQBQynKor4wrFbRg4DtAgS1aWO+gU52xpH7M9ScGgXSYmAVS9bIJ8EzuaGw0oNAw==
  dependencies:
    cross-spawn "^7.0.1"

cross-spawn@^7.0.1:
  version "7.0.3"
  resolved "https://registry.yarnpkg.com/cross-spawn/-/cross-spawn-7.0.3.tgz#f73a85b9d5d41d045551c177e2882d4ac85728a6"
  integrity sha512-iRDPJKUPVEND7dHPO8rkbOnPpyDygcDFtWjpeWNCgy8WP2rXcxXL8TskReQl6OrB2G7+UJrags1q15Fudc7G6w==
  dependencies:
    path-key "^3.1.0"
    shebang-command "^2.0.0"
    which "^2.0.1"

dayjs@^1.11.4, dayjs@^1.9.1:
  version "1.11.6"
  resolved "https://mirrors.cloud.tencent.com/npm/dayjs/-/dayjs-1.11.6.tgz#2e79a226314ec3ec904e3ee1dd5a4f5e5b1c7afb"
  integrity sha512-zZbY5giJAinCG+7AGaw0wIhNZ6J8AhWuSXKvuc1KAyMiRsvGQWqh4L+MomvhdAYjN+lqvVCMq1I41e3YHvXkyQ==

eventemitter2@^6.4.9:
  version "6.4.9"
  resolved "https://mirrors.cloud.tencent.com/npm/eventemitter2/-/eventemitter2-6.4.9.tgz#41f2750781b4230ed58827bc119d293471ecb125"
  integrity sha512-JEPTiaOt9f04oa6NOkc4aH+nVp5I3wEjpHbIPqfgCdD5v5bUzy7xQqwcVO2aDQgOWhI28da57HksMrzK9HlRxg==

intersection-observer@^0.12.0:
  version "0.12.2"
  resolved "https://mirrors.cloud.tencent.com/npm/intersection-observer/-/intersection-observer-0.12.2.tgz#4a45349cc0cd91916682b1f44c28d7ec737dc375"
  integrity sha512-7m1vEcPCxXYI8HqnL8CKI6siDyD+eIWSwgB3DZA+ZTogxk9I4CDnj4wilt9x/+/QbHI4YG5YZNmC6458/e9Ktg==

isexe@^2.0.0:
  version "2.0.0"
  resolved "https://registry.yarnpkg.com/isexe/-/isexe-2.0.0.tgz#e8fbf374dc556ff8947a10dcb0572d633f2cfa10"
  integrity sha512-RHxMLp9lnKHGHRng9QFhRCMbYAcVpn69smSGcq3f36xjgVVWThj4qqLbTLlq7Ssj8B+fIQ1EuCEGI2lKsyQeIw==

js-cookie@^2.x.x:
  version "2.2.1"
  resolved "https://mirrors.cloud.tencent.com/npm/js-cookie/-/js-cookie-2.2.1.tgz#69e106dc5d5806894562902aa5baec3744e9b2b8"
  integrity sha512-HvdH2LzI/EAZcUwA8+0nKNtWHqS+ZmijLA30RwZA0bo7ToCckjK5MkGhjED9KoRcXO6BaGI3I9UIzSA1FKFPOQ==

lodash@^4.17.21:
  version "4.17.21"
  resolved "https://mirrors.cloud.tencent.com/npm/lodash/-/lodash-4.17.21.tgz#679591c564c3bffaae8454cf0b3df370c3d6911c"
  integrity sha512-v2kDEe57lecTulaDIuNTPy3Ry4gLGJ6Z1O3vE1krgXZNrsQ+LFTGHVxVjcXPs17LhbZVGedAJv8XZ1tvj5FvSg==

nanoid@^4.0.0:
  version "4.0.0"
  resolved "https://mirrors.cloud.tencent.com/npm/nanoid/-/nanoid-4.0.0.tgz#6e144dee117609232c3f415c34b0e550e64999a5"
  integrity sha512-IgBP8piMxe/gf73RTQx7hmnhwz0aaEXYakvqZyE302IXW3HyVNhdNGC+O2MwMAVhLEnvXlvKtGbtJf6wvHihCg==

path-key@^3.1.0:
  version "3.1.1"
  resolved "https://registry.yarnpkg.com/path-key/-/path-key-3.1.1.tgz#581f6ade658cbba65a0d3380de7753295054f375"
  integrity sha512-ojmeN0qd+y0jszEtoY48r0Peq5dwMEkIlCOu6Q5f41lfkswXuKtYrhgoTpLnyIcHm24Uhqx+5Tqm2InSwLhE6Q==

rc-field-form@~1.27.0:
  version "1.27.3"
  resolved "https://mirrors.cloud.tencent.com/npm/rc-field-form/-/rc-field-form-1.27.3.tgz#e5262796b91c80848a42a3e7a669bf459f08d63d"
  integrity sha512-HGqxHnmGQgkPApEcikV4qTg3BLPC82uB/cwBDftDt1pYaqitJfSl5TFTTUMKVEJVT5RqJ2Zi68ME1HmIMX2HAw==
  dependencies:
    "@babel/runtime" "^7.18.0"
    async-validator "^4.1.0"
    rc-util "^5.8.0"

rc-util@^5.8.0:
  version "5.24.5"
  resolved "https://mirrors.cloud.tencent.com/npm/rc-util/-/rc-util-5.24.5.tgz#d486fada224fcaf7146e06e961d30c1c774e6209"
  integrity sha512-Y5b6qQ2/tZKRT8MvL0/ky++JOMAijZPvepTMbt20eRDDMqXUbmIR+lkjcTfzDu845ysEyq0YGdRsaae3hrpnQg==
  dependencies:
    "@babel/runtime" "^7.18.3"
    react-is "^16.12.0"
    shallowequal "^1.1.0"

react-is@^16.12.0:
  version "16.13.1"
  resolved "https://mirrors.cloud.tencent.com/npm/react-is/-/react-is-16.13.1.tgz#789729a4dc36de2999dc156dd6c1d9c18cea56a4"
  integrity sha512-24e6ynE2H+OKt4kqsOvNd8kBpV65zoxbA4BVsEOB3ARVWQki/DHzaUoC5KuON/BiccDaCCTZBuOcfZs70kR8bQ==

react-is@^17.0.2:
  version "17.0.2"
  resolved "https://mirrors.cloud.tencent.com/npm/react-is/-/react-is-17.0.2.tgz#e691d4a8e9c789365655539ab372762b0efb54f0"
  integrity sha512-w2GsyukL62IJnlaff/nRegPQR94C/XXamvMWmSHRJ4y7Ts/4ocGRmTHvOs8PSE6pB3dWOrD/nueuU5sduBsQ4w==

regenerator-runtime@^0.13.10:
  version "0.13.11"
  resolved "https://mirrors.cloud.tencent.com/npm/regenerator-runtime/-/regenerator-runtime-0.13.11.tgz#f6dca3e7ceec20590d07ada785636a90cdca17f9"
  integrity sha512-kY1AZVr2Ra+t+piVaJ4gxaFaReZVH40AKNo7UCX6W+dEwBo/2oZJzqfuN1qLq1oL45o56cPaTXELwrTh8Fpggg==

resize-observer-polyfill@^1.5.1:
  version "1.5.1"
  resolved "https://mirrors.cloud.tencent.com/npm/resize-observer-polyfill/-/resize-observer-polyfill-1.5.1.tgz#0e9020dd3d21024458d4ebd27e23e40269810464"
  integrity sha512-LwZrotdHOo12nQuZlHEmtuXdqGoOD0OhaxopaNFxWzInpEgaLWoVuAMbTzixuosCx2nEG58ngzW3vxdWoxIgdg==

runes@^0.4.3:
  version "0.4.3"
  resolved "https://mirrors.cloud.tencent.com/npm/runes/-/runes-0.4.3.tgz#32f7738844bc767b65cc68171528e3373c7bb355"
  integrity sha512-K6p9y4ZyL9wPzA+PMDloNQPfoDGTiFYDvdlXznyGKgD10BJpcAosvATKrExRKOrNLgD8E7Um7WGW0lxsnOuNLg==

screenfull@^5.0.0:
  version "5.2.0"
  resolved "https://mirrors.cloud.tencent.com/npm/screenfull/-/screenfull-5.2.0.tgz#6533d524d30621fc1283b9692146f3f13a93d1ba"
  integrity sha512-9BakfsO2aUQN2K9Fdbj87RJIEZ82Q9IGim7FqM5OsebfoFC6ZHXgDq/KvniuLTPdeM8wY2o6Dj3WQ7KeQCj3cA==

shallowequal@^1.1.0:
  version "1.1.0"
  resolved "https://mirrors.cloud.tencent.com/npm/shallowequal/-/shallowequal-1.1.0.tgz#188d521de95b9087404fd4dcb68b13df0ae4e7f8"
  integrity sha512-y0m1JoUZSlPAjXVtPPW70aZWfIL/dSP7AFkRnniLCrK/8MDKog3TySTBmckD+RObVxH0v4Tox67+F14PdED2oQ==

shebang-command@^2.0.0:
  version "2.0.0"
  resolved "https://registry.yarnpkg.com/shebang-command/-/shebang-command-2.0.0.tgz#ccd0af4f8835fbdc265b82461aaf0c36663f34ea"
  integrity sha512-kHxr2zZpYtdmrN1qDjrrX/Z1rR1kG8Dx+gkpK1G4eXmvXswmcE1hTWBWYUzlraYw1/yZp6YuDY77YtvbN0dmDA==
  dependencies:
    shebang-regex "^3.0.0"

shebang-regex@^3.0.0:
  version "3.0.0"
  resolved "https://registry.yarnpkg.com/shebang-regex/-/shebang-regex-3.0.0.tgz#ae16f1644d873ecad843b0307b143362d4c42172"
  integrity sha512-7++dFhtcx3353uBaq8DDR4NuxBetBzC7ZQOhmTQInHEd6bSrXdiEyzCvG07Z44UYdLShWUyXt5M/yhz8ekcb1A==

staged-components@^1.1.3:
  version "1.1.3"
  resolved "https://mirrors.cloud.tencent.com/npm/staged-components/-/staged-components-1.1.3.tgz#bb5a396df2d9b48fbc31841a59f53437ed8b8ac6"
  integrity sha512-9EIswzDqjwlEu+ymkV09TTlJfzSbKgEnNteUnZSTxkpMgr5Wx2CzzA9WcMFWBNCldqVPsHVnRGGrApduq2Se5A==

tslib@^2.4.0:
  version "2.4.1"
  resolved "https://mirrors.cloud.tencent.com/npm/tslib/-/tslib-2.4.1.tgz#0d0bfbaac2880b91e22df0768e55be9753a5b17e"
  integrity sha512-tGyy4dAjRIEwI7BzsB0lynWgOpfqjUdq91XXAlIWD2OwKBH7oCl/GZG/HT4BOHrTlPMOASlMQ7veyTqpmRcrNA==

use-sync-external-store@^1.1.0:
  version "1.2.0"
  resolved "https://mirrors.cloud.tencent.com/npm/use-sync-external-store/-/use-sync-external-store-1.2.0.tgz#7dbefd6ef3fe4e767a0cf5d7287aacfb5846928a"
  integrity sha512-eEgnFxGQ1Ife9bzYs6VLi8/4X6CObHMw9Qr9tPY43iKwsPw8xE8+EFsf/2cFZ5S3esXgpWgtSCtLNS41F+sKPA==

which@^2.0.1:
  version "2.0.2"
  resolved "https://registry.yarnpkg.com/which/-/which-2.0.2.tgz#7c6a8dd0a636a0327e10b59c9286eee93f3f51b1"
  integrity sha512-BLI3Tl1TW3Pvl70l3yq3Y64i+awpwXqsGBYWkkqMtnbXgrMD+yj7rhW0kuEDxzJaYXGjEW5ogapKNMEKNMjibA==
  dependencies:
    isexe "^2.0.0"
