{
  "name": "@mtbird/editor",
  "version": "0.0.3-beta.52",
  "lockfileVersion": 1,
  "requires": true,
  "dependencies": {
    "@daybrush/utils": {
      "version": "1.7.0",
      "resolved": "https://registry.npmmirror.com/@daybrush/utils/-/utils-1.7.0.tgz",
      "integrity": "sha512-52QInHXL1tffnEIxURWav7ZoIdhiK6ioQr2tzitZr8Uul0g3X58jdyDG7UeqCAFnbH4bZUp0QSznPSX8fHdZZQ=="
    },
    "@egjs/agent": {
      "version": "2.4.2",
      "resolved": "https://registry.npmmirror.com/@egjs/agent/-/agent-2.4.2.tgz",
      "integrity": "sha512-UZQzdpPl0g0M1wDAiq4EY2vUzUI6P5SKGOAPkf0yxSnlcwrU8/zuoyUWbYj11ROFeHV8iW0IetGsmia83z1Hbw=="
    },
    "@egjs/children-differ": {
      "version": "1.0.1",
      "resolved": "https://registry.npmmirror.com/@egjs/children-differ/-/children-differ-1.0.1.tgz",
      "integrity": "sha512-DRvyqMf+CPCOzAopQKHtW+X8iN6Hy6SFol+/7zCUiE5y4P/OB8JP8FtU4NxtZwtafvSL4faD5KoQYPj3JHzPFQ==",
      "requires": {
        "@egjs/list-differ": "^1.0.0"
      }
    },
    "@egjs/list-differ": {
      "version": "1.0.0",
      "resolved": "https://registry.npmmirror.com/@egjs/list-differ/-/list-differ-1.0.0.tgz",
      "integrity": "sha512-HsbMKc0ZAQH+EUeCmI/2PvTYSybmkaWwakU8QGDYYgMVIg9BQ5sM0A0Nnombjxo2+JzXHxmH+jw//yGX+y6GYw=="
    },
    "@scena/dragscroll": {
      "version": "1.1.1",
      "resolved": "https://registry.npmmirror.com/@scena/dragscroll/-/dragscroll-1.1.1.tgz",
      "integrity": "sha512-RnoGpQC0aJ5Z+glLzQAAAf1jmRac1yRuil4zi4HQ8GhzoxTqlgplAOGkFF/IRnUMK1uc5S6R/MEEybfyDGlEcQ==",
      "requires": {
        "@daybrush/utils": "1.6.0",
        "@scena/event-emitter": "^1.0.2"
      },
      "dependencies": {
        "@daybrush/utils": {
          "version": "1.6.0",
          "resolved": "https://registry.npmmirror.com/@daybrush/utils/-/utils-1.6.0.tgz",
          "integrity": "sha512-9MjMoOLl1U+l8lXByN3BbLZXf+mktoLyeb6t78Jz2WZ7LRldK0FNg8oW//9giO2hHCUyxS7LX6jS1hToGIfRWA=="
        }
      }
    },
    "@scena/event-emitter": {
      "version": "1.0.5",
      "resolved": "https://registry.npmmirror.com/@scena/event-emitter/-/event-emitter-1.0.5.tgz",
      "integrity": "sha512-AzY4OTb0+7ynefmWFQ6hxDdk0CySAq/D4efljfhtRHCOP7MBF9zUfhKG3TJiroVjASqVgkRJFdenS8ArZo6Olg==",
      "requires": {
        "@daybrush/utils": "^1.1.1"
      }
    },
    "@scena/guides": {
      "version": "0.18.1",
      "resolved": "https://registry.npmmirror.com/@scena/guides/-/guides-0.18.1.tgz",
      "integrity": "sha512-uV0ISFZD+4/eNJ3bOSldf838dqdXT+QpJrINm6Sza+Chfb+e5S18B052exiEaGDW/mTQGubVfOk7zUgXYgcCgQ==",
      "requires": {
        "@scena/event-emitter": "^1.0.4",
        "react-compat-guides": "~0.15.1",
        "react-simple-compat": "^1.2.2"
      }
    },
    "@scena/matrix": {
      "version": "1.1.1",
      "resolved": "https://registry.npmmirror.com/@scena/matrix/-/matrix-1.1.1.tgz",
      "integrity": "sha512-JVKBhN0tm2Srl+Yt+Ywqu0oLgLcdemDQlD1OxmN9jaCTwaFPZ7tY8n6dhVgMEaR9qcR7r+kAlMXnSfNyYdE+Vg==",
      "requires": {
        "@daybrush/utils": "^1.4.0"
      }
    },
    "@scena/react-guides": {
      "version": "0.17.1",
      "resolved": "https://registry.npmmirror.com/@scena/react-guides/-/react-guides-0.17.1.tgz",
      "integrity": "sha512-qmVKDw681kdsLvirevHPQ9jQy7aenQDy8VNsMdFgsak9GS/GcZz6wBT8lqp6otmQ5oEFjS7+4ZyFsH3tpMiDSQ==",
      "requires": {
        "@daybrush/utils": "^1.4.0",
        "@scena/react-ruler": "^0.9.1",
        "css-to-mat": "^1.0.3",
        "framework-utils": "^1.1.0",
        "gesto": "^1.5.1",
        "react-css-styled": "^1.0.2"
      }
    },
    "@scena/react-ruler": {
      "version": "0.9.1",
      "resolved": "https://registry.npmmirror.com/@scena/react-ruler/-/react-ruler-0.9.1.tgz",
      "integrity": "sha512-OO3KvUWrY1Wi9JL8uVVf7BLM4UyqEWFkJ0CHVcAWmbKWyDaOCWi4cnqb0s7mOtb57jftylUM56U1vaXdQ+51OQ==",
      "requires": {
        "@daybrush/utils": "^1.6.0",
        "framework-utils": "^1.1.0"
      }
    },
    "@types/prop-types": {
      "version": "15.7.5",
      "resolved": "https://mirrors.cloud.tencent.com/npm/@types%2fprop-types/-/prop-types-15.7.5.tgz",
      "integrity": "sha512-JCB8C6SnDoQf0cNycqd/35A7MjcnK+ZTqE7judS6o7utxUCg6imJg3QK2qzHKszlTjcj2cn+NwMB2i96ubpj7w==",
      "dev": true
    },
    "@types/react": {
      "version": "18.0.18",
      "resolved": "https://mirrors.cloud.tencent.com/npm/@types%2freact/-/react-18.0.18.tgz",
      "integrity": "sha512-6hI08umYs6NaiHFEEGioXnxJ+oEhY3eRz8VCUaudZmGdtvPviCJB8mgaMxaDWAdPSYd4eFavrPk2QIolwbLYrg==",
      "dev": true,
      "requires": {
        "@types/prop-types": "*",
        "@types/scheduler": "*",
        "csstype": "^3.0.2"
      }
    },
    "@types/react-grid-layout": {
      "version": "1.3.2",
      "resolved": "https://mirrors.cloud.tencent.com/npm/@types%2freact-grid-layout/-/react-grid-layout-1.3.2.tgz",
      "integrity": "sha512-ZzpBEOC1JTQ7MGe1h1cPKSLP4jSWuxc+yvT4TsAlEW9+EFPzAf8nxQfFd7ea9gL17Em7PbwJZAsiwfQQBUklZQ==",
      "dev": true,
      "requires": {
        "@types/react": "*"
      }
    },
    "@types/scheduler": {
      "version": "0.16.2",
      "resolved": "https://mirrors.cloud.tencent.com/npm/@types%2fscheduler/-/scheduler-0.16.2.tgz",
      "integrity": "sha512-hppQEBDmlwhFAXKJX2KnWLYu5yMfi91yazPb2l+lbJiwW+wdo1gNeRA+3RgNSO39WYX2euey41KEwnqesU2Jew==",
      "dev": true
    },
    "ansi-regex": {
      "version": "5.0.1",
      "resolved": "https://registry.npmjs.org/ansi-regex/-/ansi-regex-5.0.1.tgz",
      "integrity": "sha512-quJQXlTSUGL2LH9SUXo8VwsY4soanhgo6LNSm84E1LBcE8s3O0wpdiRzyR9z/ZZJMlMWv37qOOb9pdJlMUEKFQ=="
    },
    "ansi-styles": {
      "version": "4.3.0",
      "resolved": "https://registry.npmjs.org/ansi-styles/-/ansi-styles-4.3.0.tgz",
      "integrity": "sha512-zbB9rCJAT1rbjiVDb2hqKFHNYLxgtk8NURxZ3IZwD3F6NtxbXZQCnnSi1Lkx+IDohdPlFp222wVALIheZJQSEg==",
      "requires": {
        "color-convert": "^2.0.1"
      }
    },
    "balanced-match": {
      "version": "1.0.2",
      "resolved": "https://mirrors.cloud.tencent.com/npm/balanced-match/-/balanced-match-1.0.2.tgz",
      "integrity": "sha512-3oSeUO0TMV67hN1AmbXsK4yaqU7tjiHlbxRDZOpH0KW9+CeX4bRAaX0Anxt0tx2MrpRpWwQaPwIlISEJhYU5Pw==",
      "dev": true
    },
    "brace-expansion": {
      "version": "1.1.11",
      "resolved": "https://mirrors.cloud.tencent.com/npm/brace-expansion/-/brace-expansion-1.1.11.tgz",
      "integrity": "sha512-iCuPHDFgrHX7H2vEI/5xpz07zSHB00TpugqhmYtVmMO6518mCuRMoOYFldEBl0g187ufozdaHgWKcYFb61qGiA==",
      "dev": true,
      "requires": {
        "balanced-match": "^1.0.0",
        "concat-map": "0.0.1"
      }
    },
    "camelcase": {
      "version": "5.3.1",
      "resolved": "https://registry.npmjs.org/camelcase/-/camelcase-5.3.1.tgz",
      "integrity": "sha512-L28STB170nwWS63UjtlEOE3dldQApaJXZkOI1uMFfzf3rRuPegHaHesyee+YxQ+W6SvRDQV6UrdOdRiR153wJg=="
    },
    "cliui": {
      "version": "6.0.0",
      "resolved": "https://registry.npmjs.org/cliui/-/cliui-6.0.0.tgz",
      "integrity": "sha512-t6wbgtoCXvAzst7QgXxJYqPt0usEfbgQdftEPbLL/cvv6HPE5VgvqCuAIDR0NgU52ds6rFwqrgakNLrHEjCbrQ==",
      "requires": {
        "string-width": "^4.2.0",
        "strip-ansi": "^6.0.0",
        "wrap-ansi": "^6.2.0"
      }
    },
    "clsx": {
      "version": "1.2.1",
      "resolved": "https://mirrors.tencent.com/npm/clsx/-/clsx-1.2.1.tgz",
      "integrity": "sha512-EcR6r5a8bj6pu3ycsa/E/cKVGuTgZJZdsyUYHOksG/UHIiKfjxzRxYJpyVBwYaQeOvghal9fcc4PidlgzugAQg=="
    },
    "color": {
      "version": "4.2.3",
      "resolved": "https://registry.npmjs.org/color/-/color-4.2.3.tgz",
      "integrity": "sha512-1rXeuUUiGGrykh+CeBdu5Ie7OJwinCgQY0bc7GCRxy5xVHy+moaqkpL/jqQq0MtQOeYcrqEz4abc5f0KtU7W4A==",
      "requires": {
        "color-convert": "^2.0.1",
        "color-string": "^1.9.0"
      }
    },
    "color-convert": {
      "version": "2.0.1",
      "resolved": "https://registry.npmjs.org/color-convert/-/color-convert-2.0.1.tgz",
      "integrity": "sha512-RRECPsj7iu/xb5oKYcsFHSppFNnsj/52OVTRKb4zP5onXwVF3zVmmToNcOfGC+CRDpfK/U584fMg38ZHCaElKQ==",
      "requires": {
        "color-name": "~1.1.4"
      }
    },
    "color-name": {
      "version": "1.1.4",
      "resolved": "https://registry.npmjs.org/color-name/-/color-name-1.1.4.tgz",
      "integrity": "sha512-dOy+3AuW3a2wNbZHIuMZpTcgjGuLU/uBL/ubcZF9OXbDo8ff4O8yVp5Bf0efS8uEoYo5q4Fx7dY9OgQGXgAsQA=="
    },
    "color-string": {
      "version": "1.9.1",
      "resolved": "https://registry.npmjs.org/color-string/-/color-string-1.9.1.tgz",
      "integrity": "sha512-shrVawQFojnZv6xM40anx4CkoDP+fZsw/ZerEMsW/pyzsRbElpsL/DBVW7q3ExxwusdNXI3lXpuhEZkzs8p5Eg==",
      "requires": {
        "color-name": "^1.0.0",
        "simple-swizzle": "^0.2.2"
      }
    },
    "concat-map": {
      "version": "0.0.1",
      "resolved": "https://mirrors.cloud.tencent.com/npm/concat-map/-/concat-map-0.0.1.tgz",
      "integrity": "sha1-2Klr13/Wjfd5OnMDajug1UBdR3s=",
      "dev": true
    },
    "copy-anything": {
      "version": "2.0.6",
      "resolved": "https://mirrors.cloud.tencent.com/npm/copy-anything/-/copy-anything-2.0.6.tgz",
      "integrity": "sha512-1j20GZTsvKNkc4BY3NpMOM8tt///wY3FpIzozTOFO2ffuZcV61nojHXVKIy3WM+7ADCy5FVhdZYHYDdgTU0yJw==",
      "dev": true,
      "requires": {
        "is-what": "^3.14.1"
      }
    },
    "copy-to-clipboard": {
      "version": "3.3.3",
      "resolved": "https://registry.npmjs.org/copy-to-clipboard/-/copy-to-clipboard-3.3.3.tgz",
      "integrity": "sha512-2KV8NhB5JqC3ky0r9PMCAZKbUHSwtEo4CwCs0KXgruG43gX5PMqDEBbVU4OUzw2MuAWUfsuFmWvEKG5QRfSnJA==",
      "requires": {
        "toggle-selection": "^1.0.6"
      }
    },
    "css-styled": {
      "version": "1.0.0",
      "resolved": "https://registry.npmmirror.com/css-styled/-/css-styled-1.0.0.tgz",
      "integrity": "sha512-lDdPvM2/djv+La110zVY3RGQ7X4OOlzLS+IEjRcn8UlUmJd1+GNcGfDFmsKWwnLBupsY1w0QM1gRgV4RdcCjfw==",
      "requires": {
        "@daybrush/utils": "^1.0.0",
        "string-hash": "^1.1.3"
      }
    },
    "css-to-mat": {
      "version": "1.0.3",
      "resolved": "https://registry.npmmirror.com/css-to-mat/-/css-to-mat-1.0.3.tgz",
      "integrity": "sha512-HADRhVqPc8wFqEp6ClK+uuPYg+FMBinNo2ReLyI/KQCncmHPJ60o5zldyJG7NjsTqXWbdfGJO51jnoxfMvWJiA==",
      "requires": {
        "@daybrush/utils": "^1.3.1",
        "@scena/matrix": "^1.0.0"
      }
    },
    "csstype": {
      "version": "3.1.0",
      "resolved": "https://mirrors.cloud.tencent.com/npm/csstype/-/csstype-3.1.0.tgz",
      "integrity": "sha512-uX1KG+x9h5hIJsaKR9xHUeUraxf8IODOwq9JLNPq6BwB04a/xgpq3rcx47l5BZu5zBPlgD342tdke3Hom/nJRA==",
      "dev": true
    },
    "debug": {
      "version": "3.2.7",
      "resolved": "https://mirrors.cloud.tencent.com/npm/debug/-/debug-3.2.7.tgz",
      "integrity": "sha512-CFjzYYAi4ThfiQvizrFQevTTXHtnCqWfe7x1AhgEscTz6ZbLbfoLRLPugTQyBth6f8ZERVUSyWHFD/7Wu4t1XQ==",
      "dev": true,
      "optional": true,
      "requires": {
        "ms": "^2.1.1"
      }
    },
    "decamelize": {
      "version": "1.2.0",
      "resolved": "https://registry.npmjs.org/decamelize/-/decamelize-1.2.0.tgz",
      "integrity": "sha512-z2S+W9X73hAUUki+N+9Za2lBlun89zigOyGrsax+KUQ6wKW4ZoWpEYBkGhQjwAjjDCkWxhY0VKEhk8wzY7F5cA=="
    },
    "dijkstrajs": {
      "version": "1.0.2",
      "resolved": "https://registry.npmjs.org/dijkstrajs/-/dijkstrajs-1.0.2.tgz",
      "integrity": "sha512-QV6PMaHTCNmKSeP6QoXhVTw9snc9VD8MulTT0Bd99Pacp4SS1cjcrYPgBPmibqKVtMJJfqC6XvOXgPMEEPH/fg=="
    },
    "emoji-regex": {
      "version": "8.0.0",
      "resolved": "https://registry.npmjs.org/emoji-regex/-/emoji-regex-8.0.0.tgz",
      "integrity": "sha512-MSjYzcWNOA0ewAHpz0MxpYFvwg6yjy1NG3xteoqz644VCo/RPgnr1/GGt+ic3iJTzQ8Eu3TdM14SawnVUmGE6A=="
    },
    "encode-utf8": {
      "version": "1.0.3",
      "resolved": "https://registry.npmjs.org/encode-utf8/-/encode-utf8-1.0.3.tgz",
      "integrity": "sha512-ucAnuBEhUK4boH2HjVYG5Q2mQyPorvv0u/ocS+zhdw0S8AlHYY+GOFhP1Gio5z4icpP2ivFSvhtFjQi8+T9ppw=="
    },
    "errno": {
      "version": "0.1.8",
      "resolved": "https://mirrors.tencent.com/npm/errno/-/errno-0.1.8.tgz",
      "integrity": "sha512-dJ6oBr5SQ1VSd9qkk7ByRgb/1SH4JZjCHSW/mr63/QcXO9zLVxvJ6Oy13nio03rxpSnVDDjFor75SjVeZWPW/A==",
      "dev": true,
      "optional": true,
      "requires": {
        "prr": "~1.0.1"
      }
    },
    "find-up": {
      "version": "4.1.0",
      "resolved": "https://registry.npmjs.org/find-up/-/find-up-4.1.0.tgz",
      "integrity": "sha512-PpOwAdQ/YlXQ2vj8a3h8IipDuYRi3wceVQQGYWxNINccq40Anw7BlsEXCMbt1Zt+OLA6Fq9suIpIWD0OsnISlw==",
      "requires": {
        "locate-path": "^5.0.0",
        "path-exists": "^4.0.0"
      }
    },
    "framework-utils": {
      "version": "1.1.0",
      "resolved": "https://registry.npmmirror.com/framework-utils/-/framework-utils-1.1.0.tgz",
      "integrity": "sha512-KAfqli5PwpFJ8o3psRNs8svpMGyCSAe8nmGcjQ0zZBWN2H6dZDnq+ABp3N3hdUmFeMrLtjOCTXD4yplUJIWceg=="
    },
    "fs.realpath": {
      "version": "1.0.0",
      "resolved": "https://mirrors.tencent.com/npm/fs.realpath/-/fs.realpath-1.0.0.tgz",
      "integrity": "sha1-FQStJSMVjKpA20onh8sBQRmU6k8=",
      "dev": true
    },
    "gesto": {
      "version": "1.9.0",
      "resolved": "https://registry.npmmirror.com/gesto/-/gesto-1.9.0.tgz",
      "integrity": "sha512-WxzswA0zAHK+hM5WyR8G6PdIMt2d/TEY1lFfkfhC8YHHLO5pM5k8AyGu8lhwyBnrPntomWgLy3xl+iBzLHelew==",
      "requires": {
        "@daybrush/utils": "^1.0.0",
        "@scena/event-emitter": "^1.0.2"
      }
    },
    "get-caller-file": {
      "version": "2.0.5",
      "resolved": "https://registry.npmjs.org/get-caller-file/-/get-caller-file-2.0.5.tgz",
      "integrity": "sha512-DyFP3BM/3YHTQOCUL/w0OZHR0lpKeGrxotcHWcqNEdnltqFwXVfhEBQ94eIo34AfQpo0rGki4cyIiftY06h2Fg=="
    },
    "glob": {
      "version": "7.2.3",
      "resolved": "https://mirrors.tencent.com/npm/glob/-/glob-7.2.3.tgz",
      "integrity": "sha512-nFR0zLpU2YCaRxwoCJvL6UvCH2JFyFVIvwTLsIf21AuHlMskA1hhTdk+LlYJtOlYt9v6dvszD2BGRqBL+iQK9Q==",
      "dev": true,
      "requires": {
        "fs.realpath": "^1.0.0",
        "inflight": "^1.0.4",
        "inherits": "2",
        "minimatch": "^3.1.1",
        "once": "^1.3.0",
        "path-is-absolute": "^1.0.0"
      }
    },
    "graceful-fs": {
      "version": "4.2.10",
      "resolved": "https://mirrors.tencent.com/npm/graceful-fs/-/graceful-fs-4.2.10.tgz",
      "integrity": "sha512-9ByhssR2fPVsNZj478qUUbKfmL0+t5BDVyjShtyZZLiK7ZDAArFFfopyOTj0M05wE2tJPisA4iTnnXl2YoPvOA==",
      "dev": true,
      "optional": true
    },
    "hotkeys-js": {
      "version": "3.10.1",
      "resolved": "https://registry.npmjs.org/hotkeys-js/-/hotkeys-js-3.10.1.tgz",
      "integrity": "sha512-mshqjgTqx8ee0qryHvRgZaZDxTwxam/2yTQmQlqAWS3+twnq1jsY9Yng9zB7lWq6WRrjTbTOc7knNwccXQiAjQ=="
    },
    "html-to-image": {
      "version": "1.10.8",
      "resolved": "https://registry.npmjs.org/html-to-image/-/html-to-image-1.10.8.tgz",
      "integrity": "sha512-t+JyFJwKDCp4ZwBp4iC/wqw0meQDDc77Qs8OFl5P7RGlIP3LQMvwpD7VXxqQfC7/TfC+GKYlFP6WDYfXTmXHfw=="
    },
    "iconv-lite": {
      "version": "0.6.3",
      "resolved": "https://mirrors.cloud.tencent.com/npm/iconv-lite/-/iconv-lite-0.6.3.tgz",
      "integrity": "sha512-4fCk79wshMdzMp2rH06qWrJE4iolqLhCUH+OiuIgU++RB0+94NlDL81atO7GX55uUKueo0txHNtvEyI6D7WdMw==",
      "dev": true,
      "optional": true,
      "requires": {
        "safer-buffer": ">= 2.1.2 < 3.0.0"
      }
    },
    "image-size": {
      "version": "0.5.5",
      "resolved": "https://mirrors.tencent.com/npm/image-size/-/image-size-0.5.5.tgz",
      "integrity": "sha1-Cd/Uq50g4p6xw+gLiZA3jfnjy5w=",
      "dev": true,
      "optional": true
    },
    "infinite-viewer": {
      "version": "0.14.0",
      "resolved": "https://registry.npmmirror.com/infinite-viewer/-/infinite-viewer-0.14.0.tgz",
      "integrity": "sha512-QX5Zj33bkRO8hSq0DxInqn/ShNHRM+MtKi/K8BqnXT4t4ZE6LsoDm4gtbYdCT2Hz2wnObyyJrqQchTyppk27vg==",
      "requires": {
        "@daybrush/utils": "^1.3.1",
        "@egjs/agent": "^2.2.1",
        "@scena/event-emitter": "^1.0.4",
        "css-styled": "^1.0.0",
        "framework-utils": "^1.1.0",
        "gesto": "^1.3.0"
      }
    },
    "inflight": {
      "version": "1.0.6",
      "resolved": "https://mirrors.tencent.com/npm/inflight/-/inflight-1.0.6.tgz",
      "integrity": "sha1-Sb1jMdfQLQwJvJEKEHW6gWW1bfk=",
      "dev": true,
      "requires": {
        "once": "^1.3.0",
        "wrappy": "1"
      }
    },
    "inherits": {
      "version": "2.0.4",
      "resolved": "https://mirrors.cloud.tencent.com/npm/inherits/-/inherits-2.0.4.tgz",
      "integrity": "sha512-k/vGaX4/Yla3WzyMCvTQOXYeIHvqOKtnqBduzTHpzpQZzAskKMhZ2K+EnBiSM9zGSoIFeMpXKxa4dYeZIQqewQ==",
      "dev": true
    },
    "is-arrayish": {
      "version": "0.3.2",
      "resolved": "https://registry.npmjs.org/is-arrayish/-/is-arrayish-0.3.2.tgz",
      "integrity": "sha512-eVRqCvVlZbuw3GrM63ovNSNAeA1K16kaR/LRY/92w0zxQ5/1YzwblUX652i4Xs9RwAGjW9d9y6X88t8OaAJfWQ=="
    },
    "is-fullwidth-code-point": {
      "version": "3.0.0",
      "resolved": "https://registry.npmjs.org/is-fullwidth-code-point/-/is-fullwidth-code-point-3.0.0.tgz",
      "integrity": "sha512-zymm5+u+sCsSWyD9qNaejV3DFvhCKclKdizYaJUuHA83RLjb7nSuGnddCHGv0hk+KY7BMAlsWeK4Ueg6EV6XQg=="
    },
    "is-what": {
      "version": "3.14.1",
      "resolved": "https://mirrors.cloud.tencent.com/npm/is-what/-/is-what-3.14.1.tgz",
      "integrity": "sha512-sNxgpk9793nzSs7bA6JQJGeIuRBQhAaNGG77kzYQgMkrID+lS6SlK07K5LaptscDlSaIgH+GPFzf+d75FVxozA==",
      "dev": true
    },
    "js-tokens": {
      "version": "4.0.0",
      "resolved": "https://mirrors.cloud.tencent.com/npm/js-tokens/-/js-tokens-4.0.0.tgz",
      "integrity": "sha512-RdJUflcE3cUzKiMqQgsCu06FPu9UdIJO0beYbPhHN4k6apgJtifcoCtT9bcxOpYBtpD2kCM6Sbzg4CausW/PKQ=="
    },
    "keycode": {
      "version": "2.2.1",
      "resolved": "https://registry.npmmirror.com/keycode/-/keycode-2.2.1.tgz",
      "integrity": "sha512-Rdgz9Hl9Iv4QKi8b0OlCRQEzp4AgVxyCtz5S/+VIHezDmrDhkp2N2TqBWOLz0/gbeREXOOiI9/4b8BY9uw2vFg=="
    },
    "keycon": {
      "version": "1.1.2",
      "resolved": "https://registry.npmmirror.com/keycon/-/keycon-1.1.2.tgz",
      "integrity": "sha512-yCoUAfwqmQUWrtOFuZhicxasF/4ae+M0aH8yV1wEKKZCZql8v6jWhlVF9dT5i1TfuHSmgt/GNuCaWIHT8wk6eQ==",
      "requires": {
        "@daybrush/utils": "^1.0.0",
        "@scena/event-emitter": "^1.0.2",
        "keycode": "^2.2.0"
      }
    },
    "less": {
      "version": "4.1.3",
      "resolved": "https://mirrors.cloud.tencent.com/npm/less/-/less-4.1.3.tgz",
      "integrity": "sha512-w16Xk/Ta9Hhyei0Gpz9m7VS8F28nieJaL/VyShID7cYvP6IL5oHeL6p4TXSDJqZE/lNv0oJ2pGVjJsRkfwm5FA==",
      "dev": true,
      "requires": {
        "copy-anything": "^2.0.1",
        "errno": "^0.1.1",
        "graceful-fs": "^4.1.2",
        "image-size": "~0.5.0",
        "make-dir": "^2.1.0",
        "mime": "^1.4.1",
        "needle": "^3.1.0",
        "parse-node-version": "^1.0.1",
        "source-map": "~0.6.0",
        "tslib": "^2.3.0"
      }
    },
    "locate-path": {
      "version": "5.0.0",
      "resolved": "https://registry.npmjs.org/locate-path/-/locate-path-5.0.0.tgz",
      "integrity": "sha512-t7hw9pI+WvuwNJXwk5zVHpyhIqzg2qTlklJOf0mVxGSbe3Fp2VieZcduNYjaLDoy6p9uGpQEGWG87WpMKlNq8g==",
      "requires": {
        "p-locate": "^4.1.0"
      }
    },
    "lodash.isequal": {
      "version": "4.5.0",
      "resolved": "https://mirrors.cloud.tencent.com/npm/lodash.isequal/-/lodash.isequal-4.5.0.tgz",
      "integrity": "sha1-QVxEePK8wwEgwizhDtMib30+GOA="
    },
    "loose-envify": {
      "version": "1.4.0",
      "resolved": "https://mirrors.tencent.com/npm/loose-envify/-/loose-envify-1.4.0.tgz",
      "integrity": "sha512-lyuxPGr/Wfhrlem2CL/UcnUc1zcqKAImBDzukY7Y5F/yQiNdko6+fRLevlw1HgMySw7f611UIY408EtxRSoK3Q==",
      "requires": {
        "js-tokens": "^3.0.0 || ^4.0.0"
      }
    },
    "make-dir": {
      "version": "2.1.0",
      "resolved": "https://mirrors.cloud.tencent.com/npm/make-dir/-/make-dir-2.1.0.tgz",
      "integrity": "sha512-LS9X+dc8KLxXCb8dni79fLIIUA5VyZoyjSMCwTluaXA0o27cCK0bhXkpgw+sTXVpPy/lSO57ilRixqk0vDmtRA==",
      "dev": true,
      "optional": true,
      "requires": {
        "pify": "^4.0.1",
        "semver": "^5.6.0"
      }
    },
    "mime": {
      "version": "1.6.0",
      "resolved": "https://mirrors.cloud.tencent.com/npm/mime/-/mime-1.6.0.tgz",
      "integrity": "sha512-x0Vn8spI+wuJ1O6S7gnbaQg8Pxh4NNHb7KSINmEWKiPE4RKOplvijn+NkmYmmRgP68mc70j2EbeTFRsrswaQeg==",
      "dev": true,
      "optional": true
    },
    "minimatch": {
      "version": "3.1.2",
      "resolved": "https://mirrors.cloud.tencent.com/npm/minimatch/-/minimatch-3.1.2.tgz",
      "integrity": "sha512-J7p63hRiAjw1NDEww1W7i37+ByIrOWO5XQQAzZ3VOcL0PNybwpfmV/N05zFAzwQ9USyEcX6t3UO+K5aqBQOIHw==",
      "dev": true,
      "requires": {
        "brace-expansion": "^1.1.7"
      }
    },
    "ms": {
      "version": "2.1.3",
      "resolved": "https://mirrors.cloud.tencent.com/npm/ms/-/ms-2.1.3.tgz",
      "integrity": "sha512-6FlzubTLZG3J2a/NVCAleEhjzq5oxgHyaCU9yYXvcLsvoVaHJq/s5xXI6/XXP6tz7R9xAOtHnSO/tXtF3WRTlA==",
      "dev": true,
      "optional": true
    },
    "needle": {
      "version": "3.1.0",
      "resolved": "https://mirrors.cloud.tencent.com/npm/needle/-/needle-3.1.0.tgz",
      "integrity": "sha512-gCE9weDhjVGCRqS8dwDR/D3GTAeyXLXuqp7I8EzH6DllZGXSUyxuqqLh+YX9rMAWaaTFyVAg6rHGL25dqvczKw==",
      "dev": true,
      "optional": true,
      "requires": {
        "debug": "^3.2.6",
        "iconv-lite": "^0.6.3",
        "sax": "^1.2.4"
      }
    },
    "object-assign": {
      "version": "4.1.1",
      "resolved": "https://mirrors.tencent.com/npm/object-assign/-/object-assign-4.1.1.tgz",
      "integrity": "sha1-IQmtx5ZYh8/AXLvUQsrIv7s2CGM="
    },
    "once": {
      "version": "1.4.0",
      "resolved": "https://mirrors.tencent.com/npm/once/-/once-1.4.0.tgz",
      "integrity": "sha1-WDsap3WWHUsROsF9nFC6753Xa9E=",
      "dev": true,
      "requires": {
        "wrappy": "1"
      }
    },
    "overlap-area": {
      "version": "1.0.0",
      "resolved": "https://registry.npmmirror.com/overlap-area/-/overlap-area-1.0.0.tgz",
      "integrity": "sha512-Oi3hxRf6Flvv1upldnjOtV7euFkc75G/wsxYfS/ssNKEZ3Z+HbIoPHkFfLH3hgwqLJKpq9wdFo7I6xcdS6k8yg==",
      "requires": {
        "@daybrush/utils": "^1.3.1"
      }
    },
    "p-limit": {
      "version": "2.3.0",
      "resolved": "https://registry.npmjs.org/p-limit/-/p-limit-2.3.0.tgz",
      "integrity": "sha512-//88mFWSJx8lxCzwdAABTJL2MyWB12+eIY7MDL2SqLmAkeKU9qxRvWuSyTjm3FUmpBEMuFfckAIqEaVGUDxb6w==",
      "requires": {
        "p-try": "^2.0.0"
      }
    },
    "p-locate": {
      "version": "4.1.0",
      "resolved": "https://registry.npmjs.org/p-locate/-/p-locate-4.1.0.tgz",
      "integrity": "sha512-R79ZZ/0wAxKGu3oYMlz8jy/kbhsNrS7SKZ7PxEHBgJ5+F2mtFW2fK2cOtBh1cHYkQsbzFV7I+EoRKe6Yt0oK7A==",
      "requires": {
        "p-limit": "^2.2.0"
      }
    },
    "p-try": {
      "version": "2.2.0",
      "resolved": "https://registry.npmjs.org/p-try/-/p-try-2.2.0.tgz",
      "integrity": "sha512-R4nPAVTAU0B9D35/Gk3uJf/7XYbQcyohSKdvAxIRSNghFl4e71hVoGnBNQz9cWaXxO2I10KTC+3jMdvvoKw6dQ=="
    },
    "parse-node-version": {
      "version": "1.0.1",
      "resolved": "https://mirrors.cloud.tencent.com/npm/parse-node-version/-/parse-node-version-1.0.1.tgz",
      "integrity": "sha512-3YHlOa/JgH6Mnpr05jP9eDG254US9ek25LyIxZlDItp2iJtwyaXQb57lBYLdT3MowkUFYEV2XXNAYIPlESvJlA==",
      "dev": true
    },
    "path-exists": {
      "version": "4.0.0",
      "resolved": "https://registry.npmjs.org/path-exists/-/path-exists-4.0.0.tgz",
      "integrity": "sha512-ak9Qy5Q7jYb2Wwcey5Fpvg2KoAc/ZIhLSLOSBmRmygPsGwkVVt0fZa0qrtMz+m6tJTAHfZQ8FnmB4MG4LWy7/w=="
    },
    "path-is-absolute": {
      "version": "1.0.1",
      "resolved": "https://mirrors.tencent.com/npm/path-is-absolute/-/path-is-absolute-1.0.1.tgz",
      "integrity": "sha1-F0uSaHNVNP+8es5r9TpanhtcX18=",
      "dev": true
    },
    "pify": {
      "version": "4.0.1",
      "resolved": "https://mirrors.cloud.tencent.com/npm/pify/-/pify-4.0.1.tgz",
      "integrity": "sha512-uB80kBFb/tfd68bVleG9T5GGsGPjJrLAUpR5PZIrhBnIaRTQRjqdJSsIKkOP6OAIFbj7GOrcudc5pNjZ+geV2g==",
      "dev": true,
      "optional": true
    },
    "pngjs": {
      "version": "5.0.0",
      "resolved": "https://registry.npmjs.org/pngjs/-/pngjs-5.0.0.tgz",
      "integrity": "sha512-40QW5YalBNfQo5yRYmiw7Yz6TKKVr3h6970B2YE+3fQpsWcrbj1PzJgxeJ19DRQjhMbKPIuMY8rFaXc8moolVw=="
    },
    "prop-types": {
      "version": "15.8.1",
      "resolved": "https://mirrors.tencent.com/npm/prop-types/-/prop-types-15.8.1.tgz",
      "integrity": "sha512-oj87CgZICdulUohogVAR7AjlC0327U4el4L6eAvOqCeudMDVU0NThNaV+b9Df4dXgSP1gXMTnPdhfe/2qDH5cg==",
      "requires": {
        "loose-envify": "^1.4.0",
        "object-assign": "^4.1.1",
        "react-is": "^16.13.1"
      }
    },
    "prr": {
      "version": "1.0.1",
      "resolved": "https://mirrors.tencent.com/npm/prr/-/prr-1.0.1.tgz",
      "integrity": "sha1-0/wRS6BplaRexok/SEzrHXj19HY=",
      "dev": true,
      "optional": true
    },
    "qrcode": {
      "version": "1.5.1",
      "resolved": "https://registry.npmjs.org/qrcode/-/qrcode-1.5.1.tgz",
      "integrity": "sha512-nS8NJ1Z3md8uTjKtP+SGGhfqmTCs5flU/xR623oI0JX+Wepz9R8UrRVCTBTJm3qGw3rH6jJ6MUHjkDx15cxSSg==",
      "requires": {
        "dijkstrajs": "^1.0.1",
        "encode-utf8": "^1.0.3",
        "pngjs": "^5.0.0",
        "yargs": "^15.3.1"
      }
    },
    "react-compat-css-styled": {
      "version": "1.0.8",
      "resolved": "https://registry.npmmirror.com/react-compat-css-styled/-/react-compat-css-styled-1.0.8.tgz",
      "integrity": "sha512-CG0kVbpKjiLMQc85pP50+Z0R9PGp7NIkkGqO88QTjEsSMOGKYlCXIAnXdKR2ZII23NJmA4XrJry03jkXOxTUkg==",
      "requires": {
        "@daybrush/utils": "^1.0.0",
        "css-styled": "^1.0.0",
        "framework-utils": "^1.1.0",
        "react-css-styled": "^1.0.3"
      }
    },
    "react-compat-guides": {
      "version": "0.15.1",
      "resolved": "https://registry.npmmirror.com/react-compat-guides/-/react-compat-guides-0.15.1.tgz",
      "integrity": "sha512-LkY38uGOuswRPvndwSco8znF+cOJJcXpighekRIdF+KTJ9h/2edI2RzBb0v5EvaG8gCXxGDdKMISTrDdzKnSFQ==",
      "requires": {
        "@scena/react-guides": "~0.17.1",
        "react-compat-css-styled": "^1.0.6",
        "react-compat-ruler": "~0.8.1"
      }
    },
    "react-compat-ruler": {
      "version": "0.8.1",
      "resolved": "https://registry.npmmirror.com/react-compat-ruler/-/react-compat-ruler-0.8.1.tgz",
      "integrity": "sha512-btq323xPXX2UxrDWzTJFtYmssnammF+ojuUa5lgbMtXf2ZGuXqlwAWCh9yFr6hsz9l646Pg36o67Gy+3XaPaBg==",
      "requires": {
        "@scena/react-ruler": "~0.9.1"
      }
    },
    "react-copy-to-clipboard": {
      "version": "5.1.0",
      "resolved": "https://registry.npmjs.org/react-copy-to-clipboard/-/react-copy-to-clipboard-5.1.0.tgz",
      "integrity": "sha512-k61RsNgAayIJNoy9yDsYzDe/yAZAzEbEgcz3DZMhF686LEyukcE1hzurxe85JandPUG+yTfGVFzuEw3xt8WP/A==",
      "requires": {
        "copy-to-clipboard": "^3.3.1",
        "prop-types": "^15.8.1"
      }
    },
    "react-css-styled": {
      "version": "1.0.3",
      "resolved": "https://registry.npmmirror.com/react-css-styled/-/react-css-styled-1.0.3.tgz",
      "integrity": "sha512-6H3aZPO66PYmYg9wx12WzOJpPlBEdA7O5JefCh+4SldlihVKBCxA6mityfWSGWL5ldOkJdHJWGwHR6nGPcVm+A==",
      "requires": {
        "css-styled": "^1.0.0",
        "framework-utils": "^1.1.0"
      }
    },
    "react-draggable": {
      "version": "4.4.5",
      "resolved": "https://mirrors.cloud.tencent.com/npm/react-draggable/-/react-draggable-4.4.5.tgz",
      "integrity": "sha512-OMHzJdyJbYTZo4uQE393fHcqqPYsEtkjfMgvCHr6rejT+Ezn4OZbNyGH50vv+SunC1RMvwOTSWkEODQLzw1M9g==",
      "requires": {
        "clsx": "^1.1.1",
        "prop-types": "^15.8.1"
      }
    },
    "react-grid-layout": {
      "version": "1.3.4",
      "resolved": "https://mirrors.tencent.com/npm/react-grid-layout/-/react-grid-layout-1.3.4.tgz",
      "integrity": "sha512-sB3rNhorW77HUdOjB4JkelZTdJGQKuXLl3gNg+BI8gJkTScspL1myfZzW/EM0dLEn+1eH+xW+wNqk0oIM9o7cw==",
      "requires": {
        "clsx": "^1.1.1",
        "lodash.isequal": "^4.0.0",
        "prop-types": "^15.8.1",
        "react-draggable": "^4.0.0",
        "react-resizable": "^3.0.4"
      }
    },
    "react-infinite-viewer": {
      "version": "0.14.0",
      "resolved": "https://registry.npmmirror.com/react-infinite-viewer/-/react-infinite-viewer-0.14.0.tgz",
      "integrity": "sha512-N5uJY1SzL8yLFanVDghLCr8jycZt2t+WkZZN23nke8HL6Oh3dN9+MNWuZb2IchmL9CCMfHaU1i3nOlXSO3cpoQ==",
      "requires": {
        "infinite-viewer": "~0.14.0"
      }
    },
    "react-is": {
      "version": "16.13.1",
      "resolved": "https://mirrors.tencent.com/npm/react-is/-/react-is-16.13.1.tgz",
      "integrity": "sha512-24e6ynE2H+OKt4kqsOvNd8kBpV65zoxbA4BVsEOB3ARVWQki/DHzaUoC5KuON/BiccDaCCTZBuOcfZs70kR8bQ=="
    },
    "react-leader-line": {
      "version": "1.0.5",
      "resolved": "https://registry.npmjs.org/react-leader-line/-/react-leader-line-1.0.5.tgz",
      "integrity": "sha512-oSFQ8M/ByqE7VSlV4Oetze9OdDR3iyPAToeCj940ON0o72m3MPuQ0fOgKHgoJ9ggk15PSzh8zHsZHMc9hV22uw=="
    },
    "react-moveable": {
      "version": "0.32.9",
      "resolved": "https://registry.npmmirror.com/react-moveable/-/react-moveable-0.32.9.tgz",
      "integrity": "sha512-657rbOHxBahdHkffcDZ6jU+wqHdSiNRK1wPmjWpXShjOezvd/lUfKCqB/SEW5ICuzOf23LQqO29anTpC+BWvCA==",
      "requires": {
        "@daybrush/utils": "^1.7.0",
        "@egjs/agent": "^2.2.1",
        "@egjs/children-differ": "^1.0.1",
        "@scena/dragscroll": "^1.1.1",
        "@scena/event-emitter": "^1.0.5",
        "@scena/matrix": "^1.1.1",
        "css-to-mat": "^1.0.3",
        "framework-utils": "^1.1.0",
        "gesto": "^1.7.0",
        "overlap-area": "^1.0.0",
        "react-css-styled": "^1.0.3"
      }
    },
    "react-resizable": {
      "version": "3.0.4",
      "resolved": "https://mirrors.tencent.com/npm/react-resizable/-/react-resizable-3.0.4.tgz",
      "integrity": "sha512-StnwmiESiamNzdRHbSSvA65b0ZQJ7eVQpPusrSmcpyGKzC0gojhtO62xxH6YOBmepk9dQTBi9yxidL3W4s3EBA==",
      "requires": {
        "prop-types": "15.x",
        "react-draggable": "^4.0.3"
      }
    },
    "react-selecto": {
      "version": "1.16.2",
      "resolved": "https://registry.npmmirror.com/react-selecto/-/react-selecto-1.16.2.tgz",
      "integrity": "sha512-lDTeRxhyHilRylytYrtfgIMqEku+2kTyt84lgv0UQWEH/K0cp+VFVgZ4iixuDJ9Nn3BUjDrIlLxiaQ7AB9dVVw==",
      "requires": {
        "selecto": "~1.16.2"
      }
    },
    "react-simple-compat": {
      "version": "1.2.2",
      "resolved": "https://registry.npmmirror.com/react-simple-compat/-/react-simple-compat-1.2.2.tgz",
      "integrity": "sha512-DYa9MHplwzjL/9xDKmTvM70umky8R162aZsKsWC2XRD7d+mIXyr8IQmAoRMlH2uwl4yGGgZbg7bj20qlCMhIYA==",
      "requires": {
        "@daybrush/utils": "^1.0.0",
        "@egjs/list-differ": "^1.0.0"
      }
    },
    "require-directory": {
      "version": "2.1.1",
      "resolved": "https://registry.npmjs.org/require-directory/-/require-directory-2.1.1.tgz",
      "integrity": "sha512-fGxEI7+wsG9xrvdjsrlmL22OMTTiHRwAMroiEeMgq8gzoLC/PQr7RsRDSTLUg/bZAZtF+TVIkHc6/4RIKrui+Q=="
    },
    "require-main-filename": {
      "version": "2.0.0",
      "resolved": "https://registry.npmjs.org/require-main-filename/-/require-main-filename-2.0.0.tgz",
      "integrity": "sha512-NKN5kMDylKuldxYLSUfrbo5Tuzh4hd+2E8NPPX02mZtn1VuREQToYe/ZdlJy+J3uCpfaiGF05e7B8W0iXbQHmg=="
    },
    "rimraf": {
      "version": "3.0.2",
      "resolved": "https://mirrors.cloud.tencent.com/npm/rimraf/-/rimraf-3.0.2.tgz",
      "integrity": "sha512-JZkJMZkAGFFPP2YqXZXPbMlMBgsxzE8ILs4lMIX/2o0L9UBw9O/Y3o6wFw/i9YLapcUJWwqbi3kdxIPdC62TIA==",
      "dev": true,
      "requires": {
        "glob": "^7.1.3"
      }
    },
    "safer-buffer": {
      "version": "2.1.2",
      "resolved": "https://mirrors.cloud.tencent.com/npm/safer-buffer/-/safer-buffer-2.1.2.tgz",
      "integrity": "sha512-YZo3K82SD7Riyi0E1EQPojLz7kpepnSQI9IyPbHHg1XXXevb5dJI7tpyN2ADxGcQbHG7vcyRHk0cbwqcQriUtg==",
      "dev": true,
      "optional": true
    },
    "sax": {
      "version": "1.2.4",
      "resolved": "https://mirrors.cloud.tencent.com/npm/sax/-/sax-1.2.4.tgz",
      "integrity": "sha512-NqVDv9TpANUjFm0N8uM5GxL36UgKi9/atZw+x7YFnQ8ckwFGKrl4xX4yWtrey3UJm5nP1kUbnYgLopqWNSRhWw==",
      "dev": true,
      "optional": true
    },
    "selecto": {
      "version": "1.16.2",
      "resolved": "https://registry.npmmirror.com/selecto/-/selecto-1.16.2.tgz",
      "integrity": "sha512-I74MFwzwK3fGX6mxU5YdD6ElmGnQLYdNADLz84Rrm6S/MMrDvbOSBWaMbVj4WRNKS0o1nwk1oH+QJT0b8LJgMA==",
      "requires": {
        "@daybrush/utils": "^1.4.0",
        "@egjs/children-differ": "^1.0.1",
        "@scena/dragscroll": "^1.1.1",
        "@scena/event-emitter": "^1.0.5",
        "css-styled": "^1.0.0",
        "css-to-mat": "^1.0.3",
        "framework-utils": "^1.1.0",
        "gesto": "^1.7.0",
        "keycon": "^1.1.2",
        "overlap-area": "^1.0.0"
      }
    },
    "semver": {
      "version": "5.7.1",
      "resolved": "https://mirrors.tencent.com/npm/semver/-/semver-5.7.1.tgz",
      "integrity": "sha512-sauaDf/PZdVgrLTNYHRtpXa1iRiKcaebiKQ1BJdpQlWH2lCvexQdX55snPFyK7QzpudqbCI0qXFfOasHdyNDGQ==",
      "dev": true,
      "optional": true
    },
    "set-blocking": {
      "version": "2.0.0",
      "resolved": "https://registry.npmjs.org/set-blocking/-/set-blocking-2.0.0.tgz",
      "integrity": "sha512-KiKBS8AnWGEyLzofFfmvKwpdPzqiy16LvQfK3yv/fVH7Bj13/wl3JSR1J+rfgRE9q7xUJK4qvgS8raSOeLUehw=="
    },
    "simple-swizzle": {
      "version": "0.2.2",
      "resolved": "https://registry.npmjs.org/simple-swizzle/-/simple-swizzle-0.2.2.tgz",
      "integrity": "sha512-JA//kQgZtbuY83m+xT+tXJkmJncGMTFT+C+g2h2R9uxkYIrE2yy9sgmcLhCnw57/WSD+Eh3J97FPEDFnbXnDUg==",
      "requires": {
        "is-arrayish": "^0.3.1"
      }
    },
    "source-map": {
      "version": "0.6.1",
      "resolved": "https://mirrors.cloud.tencent.com/npm/source-map/-/source-map-0.6.1.tgz",
      "integrity": "sha512-UjgapumWlbMhkBgzT7Ykc5YXUT46F0iKu8SGXq0bcwP5dz/h0Plj6enJqjz1Zbq2l5WaqYnrVbwWOWMyF3F47g==",
      "dev": true,
      "optional": true
    },
    "string-hash": {
      "version": "1.1.3",
      "resolved": "https://registry.npmmirror.com/string-hash/-/string-hash-1.1.3.tgz",
      "integrity": "sha512-kJUvRUFK49aub+a7T1nNE66EJbZBMnBgoC1UbCZ5n6bsZKBRga4KgBRTMn/pFkeCZSYtNeSyMxPDM0AXWELk2A=="
    },
    "string-width": {
      "version": "4.2.3",
      "resolved": "https://registry.npmjs.org/string-width/-/string-width-4.2.3.tgz",
      "integrity": "sha512-wKyQRQpjJ0sIp62ErSZdGsjMJWsap5oRNihHhu6G7JVO/9jIB6UyevL+tXuOqrng8j/cxKTWyWUwvSTriiZz/g==",
      "requires": {
        "emoji-regex": "^8.0.0",
        "is-fullwidth-code-point": "^3.0.0",
        "strip-ansi": "^6.0.1"
      }
    },
    "strip-ansi": {
      "version": "6.0.1",
      "resolved": "https://registry.npmjs.org/strip-ansi/-/strip-ansi-6.0.1.tgz",
      "integrity": "sha512-Y38VPSHcqkFrCpFnQ9vuSXmquuv5oXOKpGeT6aGrr3o3Gc9AlVa6JBfUSOCnbxGGZF+/0ooI7KrPuUSztUdU5A==",
      "requires": {
        "ansi-regex": "^5.0.1"
      }
    },
    "toggle-selection": {
      "version": "1.0.6",
      "resolved": "https://registry.npmjs.org/toggle-selection/-/toggle-selection-1.0.6.tgz",
      "integrity": "sha512-BiZS+C1OS8g/q2RRbJmy59xpyghNBqrr6k5L/uKBGRsTfxmu3ffiRnd8mlGPUVayg8pvfi5urfnu8TU7DVOkLQ=="
    },
    "tslib": {
      "version": "2.4.0",
      "resolved": "https://mirrors.tencent.com/npm/tslib/-/tslib-2.4.0.tgz",
      "integrity": "sha512-d6xOpEDfsi2CZVlPQzGeux8XMwLT9hssAsaPYExaQMuYskwb+x1x7J371tWlbBdWHroy99KnVB6qIkUbs5X3UQ==",
      "dev": true
    },
    "which-module": {
      "version": "2.0.0",
      "resolved": "https://registry.npmjs.org/which-module/-/which-module-2.0.0.tgz",
      "integrity": "sha512-B+enWhmw6cjfVC7kS8Pj9pCrKSc5txArRyaYGe088shv/FGWH+0Rjx/xPgtsWfsUtS27FkP697E4DDhgrgoc0Q=="
    },
    "wrap-ansi": {
      "version": "6.2.0",
      "resolved": "https://registry.npmjs.org/wrap-ansi/-/wrap-ansi-6.2.0.tgz",
      "integrity": "sha512-r6lPcBGxZXlIcymEu7InxDMhdW0KDxpLgoFLcguasxCaJ/SOIZwINatK9KY/tf+ZrlywOKU0UDj3ATXUBfxJXA==",
      "requires": {
        "ansi-styles": "^4.0.0",
        "string-width": "^4.1.0",
        "strip-ansi": "^6.0.0"
      }
    },
    "wrappy": {
      "version": "1.0.2",
      "resolved": "https://mirrors.cloud.tencent.com/npm/wrappy/-/wrappy-1.0.2.tgz",
      "integrity": "sha1-tSQ9jz7BqjXxNkYFvA0QNuMKtp8=",
      "dev": true
    },
    "y18n": {
      "version": "4.0.3",
      "resolved": "https://registry.npmjs.org/y18n/-/y18n-4.0.3.tgz",
      "integrity": "sha512-JKhqTOwSrqNA1NY5lSztJ1GrBiUodLMmIZuLiDaMRJ+itFd+ABVE8XBjOvIWL+rSqNDC74LCSFmlb/U4UZ4hJQ=="
    },
    "yargs": {
      "version": "15.4.1",
      "resolved": "https://registry.npmjs.org/yargs/-/yargs-15.4.1.tgz",
      "integrity": "sha512-aePbxDmcYW++PaqBsJ+HYUFwCdv4LVvdnhBy78E57PIor8/OVvhMrADFFEDh8DHDFRv/O9i3lPhsENjO7QX0+A==",
      "requires": {
        "cliui": "^6.0.0",
        "decamelize": "^1.2.0",
        "find-up": "^4.1.0",
        "get-caller-file": "^2.0.1",
        "require-directory": "^2.1.1",
        "require-main-filename": "^2.0.0",
        "set-blocking": "^2.0.0",
        "string-width": "^4.2.0",
        "which-module": "^2.0.0",
        "y18n": "^4.0.0",
        "yargs-parser": "^18.1.2"
      }
    },
    "yargs-parser": {
      "version": "18.1.3",
      "resolved": "https://registry.npmjs.org/yargs-parser/-/yargs-parser-18.1.3.tgz",
      "integrity": "sha512-o50j0JeToy/4K6OZcaQmW6lyXXKhq7csREXcDwk2omFPJEwUNOVtJKvmDr9EI1fAJZUyZcRF7kxGBWmRXudrCQ==",
      "requires": {
        "camelcase": "^5.0.0",
        "decamelize": "^1.2.0"
      }
    }
  }
}
