# THIS IS AN AUTOGENERATED FILE. DO NOT EDIT THIS FILE DIRECTLY.
# yarn lockfile v1


"@daybrush/utils@1.6.0":
  version "1.6.0"
  resolved "https://registry.yarnpkg.com/@daybrush/utils/-/utils-1.6.0.tgz#0dfd2c360764f63380df4ec0d44e176c69f7bbc3"
  integrity sha512-9MjMoOLl1U+l8lXByN3BbLZXf+mktoLyeb6t78Jz2WZ7LRldK0FNg8oW//9giO2hHCUyxS7LX6jS1hToGIfRWA==

"@daybrush/utils@^1.0.0", "@daybrush/utils@^1.1.1", "@daybrush/utils@^1.3.1", "@daybrush/utils@^1.4.0", "@daybrush/utils@^1.6.0", "@daybrush/utils@^1.7.0", "@daybrush/utils@^1.7.1":
  version "1.7.1"
  resolved "https://registry.yarnpkg.com/@daybrush/utils/-/utils-1.7.1.tgz#82de000e69a0b85212933801df9b7c4c5ae15be5"
  integrity sha512-ruVDIfXeVAF4s0RxJoNx5hTjxlIRMnKoJ7N5e2m9eDyluIXB12EvhMPQdoq4a/ohJ+cPgj2MiWS5Lvmpsrx8Gg==

"@egjs/agent@^2.2.1":
  version "2.4.2"
  resolved "https://registry.yarnpkg.com/@egjs/agent/-/agent-2.4.2.tgz#9a0efb4ae36e4f1ee869008fbcafbddb8760c7de"
  integrity sha512-UZQzdpPl0g0M1wDAiq4EY2vUzUI6P5SKGOAPkf0yxSnlcwrU8/zuoyUWbYj11ROFeHV8iW0IetGsmia83z1Hbw==

"@egjs/children-differ@^1.0.1":
  version "1.0.1"
  resolved "https://registry.yarnpkg.com/@egjs/children-differ/-/children-differ-1.0.1.tgz#5465fa80671d5ca3564ebe912f48b05b3e8a14fd"
  integrity sha512-DRvyqMf+CPCOzAopQKHtW+X8iN6Hy6SFol+/7zCUiE5y4P/OB8JP8FtU4NxtZwtafvSL4faD5KoQYPj3JHzPFQ==
  dependencies:
    "@egjs/list-differ" "^1.0.0"

"@egjs/list-differ@^1.0.0":
  version "1.0.0"
  resolved "https://registry.yarnpkg.com/@egjs/list-differ/-/list-differ-1.0.0.tgz#2277aff52e3e4bd9318d5c30ffc3ba3b6216f05e"
  integrity sha512-HsbMKc0ZAQH+EUeCmI/2PvTYSybmkaWwakU8QGDYYgMVIg9BQ5sM0A0Nnombjxo2+JzXHxmH+jw//yGX+y6GYw==

"@scena/dragscroll@^1.1.1":
  version "1.2.0"
  resolved "https://registry.yarnpkg.com/@scena/dragscroll/-/dragscroll-1.2.0.tgz#dd00cdc463423951e556de157610880e0ec936c5"
  integrity sha512-npjR1nh5on74e6dh3mBviVAS3Kx9ZkUFkJdVVPfcrEGO1O9c3IB154d//cLXwiHwV7xMzsADmEMQZrrWwVlb8Q==
  dependencies:
    "@daybrush/utils" "1.6.0"
    "@scena/event-emitter" "^1.0.2"

"@scena/event-emitter@^1.0.2", "@scena/event-emitter@^1.0.4", "@scena/event-emitter@^1.0.5":
  version "1.0.5"
  resolved "https://registry.yarnpkg.com/@scena/event-emitter/-/event-emitter-1.0.5.tgz#047e3acef93cf238d7ce3a8cc5a12ec6bd9c3bb1"
  integrity sha512-AzY4OTb0+7ynefmWFQ6hxDdk0CySAq/D4efljfhtRHCOP7MBF9zUfhKG3TJiroVjASqVgkRJFdenS8ArZo6Olg==
  dependencies:
    "@daybrush/utils" "^1.1.1"

"@scena/guides@^0.18.1":
  version "0.18.1"
  resolved "https://registry.yarnpkg.com/@scena/guides/-/guides-0.18.1.tgz#5db4de3161a886fdb298880eb3d53c26c58d2c26"
  integrity sha512-uV0ISFZD+4/eNJ3bOSldf838dqdXT+QpJrINm6Sza+Chfb+e5S18B052exiEaGDW/mTQGubVfOk7zUgXYgcCgQ==
  dependencies:
    "@scena/event-emitter" "^1.0.4"
    react-compat-guides "~0.15.1"
    react-simple-compat "^1.2.2"

"@scena/matrix@^1.0.0", "@scena/matrix@^1.1.1":
  version "1.1.1"
  resolved "https://registry.yarnpkg.com/@scena/matrix/-/matrix-1.1.1.tgz#5297f71825c72e2c2c8f802f924f482ed200c43c"
  integrity sha512-JVKBhN0tm2Srl+Yt+Ywqu0oLgLcdemDQlD1OxmN9jaCTwaFPZ7tY8n6dhVgMEaR9qcR7r+kAlMXnSfNyYdE+Vg==
  dependencies:
    "@daybrush/utils" "^1.4.0"

"@scena/react-guides@^0.17.1", "@scena/react-guides@~0.17.1":
  version "0.17.1"
  resolved "https://registry.yarnpkg.com/@scena/react-guides/-/react-guides-0.17.1.tgz#d5f7b5004852505f6579c3360485052b3d3b9b6c"
  integrity sha512-qmVKDw681kdsLvirevHPQ9jQy7aenQDy8VNsMdFgsak9GS/GcZz6wBT8lqp6otmQ5oEFjS7+4ZyFsH3tpMiDSQ==
  dependencies:
    "@daybrush/utils" "^1.4.0"
    "@scena/react-ruler" "^0.9.1"
    css-to-mat "^1.0.3"
    framework-utils "^1.1.0"
    gesto "^1.5.1"
    react-css-styled "^1.0.2"

"@scena/react-ruler@^0.9.1", "@scena/react-ruler@~0.9.1":
  version "0.9.1"
  resolved "https://registry.yarnpkg.com/@scena/react-ruler/-/react-ruler-0.9.1.tgz#4e1af4b6fcee894246970e9ae27f6cf0e4e4359e"
  integrity sha512-OO3KvUWrY1Wi9JL8uVVf7BLM4UyqEWFkJ0CHVcAWmbKWyDaOCWi4cnqb0s7mOtb57jftylUM56U1vaXdQ+51OQ==
  dependencies:
    "@daybrush/utils" "^1.6.0"
    framework-utils "^1.1.0"

"@types/prop-types@*":
  version "15.7.5"
  resolved "https://mirrors.tencent.com/npm/@types%2fprop-types/-/prop-types-15.7.5.tgz#5f19d2b85a98e9558036f6a3cacc8819420f05cf"
  integrity sha512-JCB8C6SnDoQf0cNycqd/35A7MjcnK+ZTqE7judS6o7utxUCg6imJg3QK2qzHKszlTjcj2cn+NwMB2i96ubpj7w==

"@types/react-grid-layout@^1.3.2":
  version "1.3.2"
  resolved "https://mirrors.cloud.tencent.com/npm/@types%2freact-grid-layout/-/react-grid-layout-1.3.2.tgz#9f195666a018a5ae2b773887e3b552cb4378d67f"
  integrity sha512-ZzpBEOC1JTQ7MGe1h1cPKSLP4jSWuxc+yvT4TsAlEW9+EFPzAf8nxQfFd7ea9gL17Em7PbwJZAsiwfQQBUklZQ==
  dependencies:
    "@types/react" "*"

"@types/react@*":
  version "18.0.17"
  resolved "https://mirrors.cloud.tencent.com/npm/@types%2freact/-/react-18.0.17.tgz#4583d9c322d67efe4b39a935d223edcc7050ccf4"
  integrity sha512-38ETy4tL+rn4uQQi7mB81G7V1g0u2ryquNmsVIOKUAEIDK+3CUjZ6rSRpdvS99dNBnkLFL83qfmtLacGOTIhwQ==
  dependencies:
    "@types/prop-types" "*"
    "@types/scheduler" "*"
    csstype "^3.0.2"

"@types/scheduler@*":
  version "0.16.2"
  resolved "https://mirrors.cloud.tencent.com/npm/@types%2fscheduler/-/scheduler-0.16.2.tgz#1a62f89525723dde24ba1b01b092bf5df8ad4d39"
  integrity sha512-hppQEBDmlwhFAXKJX2KnWLYu5yMfi91yazPb2l+lbJiwW+wdo1gNeRA+3RgNSO39WYX2euey41KEwnqesU2Jew==

ansi-regex@^5.0.1:
  version "5.0.1"
  resolved "https://registry.yarnpkg.com/ansi-regex/-/ansi-regex-5.0.1.tgz#082cb2c89c9fe8659a311a53bd6a4dc5301db304"
  integrity sha512-quJQXlTSUGL2LH9SUXo8VwsY4soanhgo6LNSm84E1LBcE8s3O0wpdiRzyR9z/ZZJMlMWv37qOOb9pdJlMUEKFQ==

ansi-styles@^4.0.0:
  version "4.3.0"
  resolved "https://registry.yarnpkg.com/ansi-styles/-/ansi-styles-4.3.0.tgz#edd803628ae71c04c85ae7a0906edad34b648937"
  integrity sha512-zbB9rCJAT1rbjiVDb2hqKFHNYLxgtk8NURxZ3IZwD3F6NtxbXZQCnnSi1Lkx+IDohdPlFp222wVALIheZJQSEg==
  dependencies:
    color-convert "^2.0.1"

balanced-match@^1.0.0:
  version "1.0.2"
  resolved "https://mirrors.cloud.tencent.com/npm/balanced-match/-/balanced-match-1.0.2.tgz#e83e3a7e3f300b34cb9d87f615fa0cbf357690ee"
  integrity sha512-3oSeUO0TMV67hN1AmbXsK4yaqU7tjiHlbxRDZOpH0KW9+CeX4bRAaX0Anxt0tx2MrpRpWwQaPwIlISEJhYU5Pw==

brace-expansion@^1.1.7:
  version "1.1.11"
  resolved "https://mirrors.cloud.tencent.com/npm/brace-expansion/-/brace-expansion-1.1.11.tgz#3c7fcbf529d87226f3d2f52b966ff5271eb441dd"
  integrity sha512-iCuPHDFgrHX7H2vEI/5xpz07zSHB00TpugqhmYtVmMO6518mCuRMoOYFldEBl0g187ufozdaHgWKcYFb61qGiA==
  dependencies:
    balanced-match "^1.0.0"
    concat-map "0.0.1"

camelcase@^5.0.0:
  version "5.3.1"
  resolved "https://registry.yarnpkg.com/camelcase/-/camelcase-5.3.1.tgz#e3c9b31569e106811df242f715725a1f4c494320"
  integrity sha512-L28STB170nwWS63UjtlEOE3dldQApaJXZkOI1uMFfzf3rRuPegHaHesyee+YxQ+W6SvRDQV6UrdOdRiR153wJg==

cliui@^6.0.0:
  version "6.0.0"
  resolved "https://registry.yarnpkg.com/cliui/-/cliui-6.0.0.tgz#511d702c0c4e41ca156d7d0e96021f23e13225b1"
  integrity sha512-t6wbgtoCXvAzst7QgXxJYqPt0usEfbgQdftEPbLL/cvv6HPE5VgvqCuAIDR0NgU52ds6rFwqrgakNLrHEjCbrQ==
  dependencies:
    string-width "^4.2.0"
    strip-ansi "^6.0.0"
    wrap-ansi "^6.2.0"

clsx@^1.1.1:
  version "1.2.1"
  resolved "https://mirrors.tencent.com/npm/clsx/-/clsx-1.2.1.tgz#0ddc4a20a549b59c93a4116bb26f5294ca17dc12"
  integrity sha512-EcR6r5a8bj6pu3ycsa/E/cKVGuTgZJZdsyUYHOksG/UHIiKfjxzRxYJpyVBwYaQeOvghal9fcc4PidlgzugAQg==

color-convert@^2.0.1:
  version "2.0.1"
  resolved "https://registry.yarnpkg.com/color-convert/-/color-convert-2.0.1.tgz#72d3a68d598c9bdb3af2ad1e84f21d896abd4de3"
  integrity sha512-RRECPsj7iu/xb5oKYcsFHSppFNnsj/52OVTRKb4zP5onXwVF3zVmmToNcOfGC+CRDpfK/U584fMg38ZHCaElKQ==
  dependencies:
    color-name "~1.1.4"

color-name@^1.0.0, color-name@~1.1.4:
  version "1.1.4"
  resolved "https://registry.yarnpkg.com/color-name/-/color-name-1.1.4.tgz#c2a09a87acbde69543de6f63fa3995c826c536a2"
  integrity sha512-dOy+3AuW3a2wNbZHIuMZpTcgjGuLU/uBL/ubcZF9OXbDo8ff4O8yVp5Bf0efS8uEoYo5q4Fx7dY9OgQGXgAsQA==

color-string@^1.9.0:
  version "1.9.1"
  resolved "https://registry.yarnpkg.com/color-string/-/color-string-1.9.1.tgz#4467f9146f036f855b764dfb5bf8582bf342c7a4"
  integrity sha512-shrVawQFojnZv6xM40anx4CkoDP+fZsw/ZerEMsW/pyzsRbElpsL/DBVW7q3ExxwusdNXI3lXpuhEZkzs8p5Eg==
  dependencies:
    color-name "^1.0.0"
    simple-swizzle "^0.2.2"

color@^4.2.3:
  version "4.2.3"
  resolved "https://registry.yarnpkg.com/color/-/color-4.2.3.tgz#d781ecb5e57224ee43ea9627560107c0e0c6463a"
  integrity sha512-1rXeuUUiGGrykh+CeBdu5Ie7OJwinCgQY0bc7GCRxy5xVHy+moaqkpL/jqQq0MtQOeYcrqEz4abc5f0KtU7W4A==
  dependencies:
    color-convert "^2.0.1"
    color-string "^1.9.0"

concat-map@0.0.1:
  version "0.0.1"
  resolved "https://mirrors.tencent.com/npm/concat-map/-/concat-map-0.0.1.tgz#d8a96bd77fd68df7793a73036a3ba0d5405d477b"
  integrity sha1-2Klr13/Wjfd5OnMDajug1UBdR3s=

copy-anything@^2.0.1:
  version "2.0.6"
  resolved "https://registry.npmmirror.com/copy-anything/-/copy-anything-2.0.6.tgz#092454ea9584a7b7ad5573062b2a87f5900fc480"
  integrity sha512-1j20GZTsvKNkc4BY3NpMOM8tt///wY3FpIzozTOFO2ffuZcV61nojHXVKIy3WM+7ADCy5FVhdZYHYDdgTU0yJw==
  dependencies:
    is-what "^3.14.1"

copy-to-clipboard@^3.3.1:
  version "3.3.3"
  resolved "https://registry.yarnpkg.com/copy-to-clipboard/-/copy-to-clipboard-3.3.3.tgz#55ac43a1db8ae639a4bd99511c148cdd1b83a1b0"
  integrity sha512-2KV8NhB5JqC3ky0r9PMCAZKbUHSwtEo4CwCs0KXgruG43gX5PMqDEBbVU4OUzw2MuAWUfsuFmWvEKG5QRfSnJA==
  dependencies:
    toggle-selection "^1.0.6"

css-styled@^1.0.0:
  version "1.0.0"
  resolved "https://registry.yarnpkg.com/css-styled/-/css-styled-1.0.0.tgz#6fe10a98f95c24fa66cb1c41e11e7c00bcedac13"
  integrity sha512-lDdPvM2/djv+La110zVY3RGQ7X4OOlzLS+IEjRcn8UlUmJd1+GNcGfDFmsKWwnLBupsY1w0QM1gRgV4RdcCjfw==
  dependencies:
    "@daybrush/utils" "^1.0.0"
    string-hash "^1.1.3"

css-to-mat@^1.0.3:
  version "1.0.3"
  resolved "https://registry.yarnpkg.com/css-to-mat/-/css-to-mat-1.0.3.tgz#5c0d9b572b68b57fa8ba0b1a4c572c18ce3b2b60"
  integrity sha512-HADRhVqPc8wFqEp6ClK+uuPYg+FMBinNo2ReLyI/KQCncmHPJ60o5zldyJG7NjsTqXWbdfGJO51jnoxfMvWJiA==
  dependencies:
    "@daybrush/utils" "^1.3.1"
    "@scena/matrix" "^1.0.0"

csstype@^3.0.2:
  version "3.1.0"
  resolved "https://mirrors.cloud.tencent.com/npm/csstype/-/csstype-3.1.0.tgz#4ddcac3718d787cf9df0d1b7d15033925c8f29f2"
  integrity sha512-uX1KG+x9h5hIJsaKR9xHUeUraxf8IODOwq9JLNPq6BwB04a/xgpq3rcx47l5BZu5zBPlgD342tdke3Hom/nJRA==

debug@^3.2.6:
  version "3.2.7"
  resolved "https://registry.npmmirror.com/debug/-/debug-3.2.7.tgz#72580b7e9145fb39b6676f9c5e5fb100b934179a"
  integrity sha512-CFjzYYAi4ThfiQvizrFQevTTXHtnCqWfe7x1AhgEscTz6ZbLbfoLRLPugTQyBth6f8ZERVUSyWHFD/7Wu4t1XQ==
  dependencies:
    ms "^2.1.1"

decamelize@^1.2.0:
  version "1.2.0"
  resolved "https://registry.yarnpkg.com/decamelize/-/decamelize-1.2.0.tgz#f6534d15148269b20352e7bee26f501f9a191290"
  integrity sha512-z2S+W9X73hAUUki+N+9Za2lBlun89zigOyGrsax+KUQ6wKW4ZoWpEYBkGhQjwAjjDCkWxhY0VKEhk8wzY7F5cA==

dijkstrajs@^1.0.1:
  version "1.0.2"
  resolved "https://registry.yarnpkg.com/dijkstrajs/-/dijkstrajs-1.0.2.tgz#2e48c0d3b825462afe75ab4ad5e829c8ece36257"
  integrity sha512-QV6PMaHTCNmKSeP6QoXhVTw9snc9VD8MulTT0Bd99Pacp4SS1cjcrYPgBPmibqKVtMJJfqC6XvOXgPMEEPH/fg==

emoji-regex@^8.0.0:
  version "8.0.0"
  resolved "https://registry.yarnpkg.com/emoji-regex/-/emoji-regex-8.0.0.tgz#e818fd69ce5ccfcb404594f842963bf53164cc37"
  integrity sha512-MSjYzcWNOA0ewAHpz0MxpYFvwg6yjy1NG3xteoqz644VCo/RPgnr1/GGt+ic3iJTzQ8Eu3TdM14SawnVUmGE6A==

encode-utf8@^1.0.3:
  version "1.0.3"
  resolved "https://registry.yarnpkg.com/encode-utf8/-/encode-utf8-1.0.3.tgz#f30fdd31da07fb596f281beb2f6b027851994cda"
  integrity sha512-ucAnuBEhUK4boH2HjVYG5Q2mQyPorvv0u/ocS+zhdw0S8AlHYY+GOFhP1Gio5z4icpP2ivFSvhtFjQi8+T9ppw==

errno@^0.1.1:
  version "0.1.8"
  resolved "https://registry.npmmirror.com/errno/-/errno-0.1.8.tgz#8bb3e9c7d463be4976ff888f76b4809ebc2e811f"
  integrity sha512-dJ6oBr5SQ1VSd9qkk7ByRgb/1SH4JZjCHSW/mr63/QcXO9zLVxvJ6Oy13nio03rxpSnVDDjFor75SjVeZWPW/A==
  dependencies:
    prr "~1.0.1"

find-up@^4.1.0:
  version "4.1.0"
  resolved "https://registry.yarnpkg.com/find-up/-/find-up-4.1.0.tgz#97afe7d6cdc0bc5928584b7c8d7b16e8a9aa5d19"
  integrity sha512-PpOwAdQ/YlXQ2vj8a3h8IipDuYRi3wceVQQGYWxNINccq40Anw7BlsEXCMbt1Zt+OLA6Fq9suIpIWD0OsnISlw==
  dependencies:
    locate-path "^5.0.0"
    path-exists "^4.0.0"

framework-utils@^1.1.0:
  version "1.1.0"
  resolved "https://registry.yarnpkg.com/framework-utils/-/framework-utils-1.1.0.tgz#a3b528bce838dfd623148847dc92371b09d0da2d"
  integrity sha512-KAfqli5PwpFJ8o3psRNs8svpMGyCSAe8nmGcjQ0zZBWN2H6dZDnq+ABp3N3hdUmFeMrLtjOCTXD4yplUJIWceg==

fs.realpath@^1.0.0:
  version "1.0.0"
  resolved "https://mirrors.tencent.com/npm/fs.realpath/-/fs.realpath-1.0.0.tgz#1504ad2523158caa40db4a2787cb01411994ea4f"
  integrity sha1-FQStJSMVjKpA20onh8sBQRmU6k8=

gesto@^1.3.0, gesto@^1.5.1, gesto@^1.7.0, gesto@^1.9.0:
  version "1.10.0"
  resolved "https://registry.yarnpkg.com/gesto/-/gesto-1.10.0.tgz#895821f797c27d84da29858a3257adfbdff2060c"
  integrity sha512-g/Cxpx0FiLZBKjxYjvuaEOspCCyzREn02/eHyf0HrkRF2vqQtotTnn5rH21CeucVrXjBsXw2Of0SKgV92kbHPA==
  dependencies:
    "@daybrush/utils" "^1.0.0"
    "@scena/event-emitter" "^1.0.2"

get-caller-file@^2.0.1:
  version "2.0.5"
  resolved "https://registry.yarnpkg.com/get-caller-file/-/get-caller-file-2.0.5.tgz#4f94412a82db32f36e3b0b9741f8a97feb031f7e"
  integrity sha512-DyFP3BM/3YHTQOCUL/w0OZHR0lpKeGrxotcHWcqNEdnltqFwXVfhEBQ94eIo34AfQpo0rGki4cyIiftY06h2Fg==

glob@^7.1.3:
  version "7.2.3"
  resolved "https://mirrors.tencent.com/npm/glob/-/glob-7.2.3.tgz#b8df0fb802bbfa8e89bd1d938b4e16578ed44f2b"
  integrity sha512-nFR0zLpU2YCaRxwoCJvL6UvCH2JFyFVIvwTLsIf21AuHlMskA1hhTdk+LlYJtOlYt9v6dvszD2BGRqBL+iQK9Q==
  dependencies:
    fs.realpath "^1.0.0"
    inflight "^1.0.4"
    inherits "2"
    minimatch "^3.1.1"
    once "^1.3.0"
    path-is-absolute "^1.0.0"

graceful-fs@^4.1.2:
  version "4.2.10"
  resolved "https://registry.npmmirror.com/graceful-fs/-/graceful-fs-4.2.10.tgz#147d3a006da4ca3ce14728c7aefc287c367d7a6c"
  integrity sha512-9ByhssR2fPVsNZj478qUUbKfmL0+t5BDVyjShtyZZLiK7ZDAArFFfopyOTj0M05wE2tJPisA4iTnnXl2YoPvOA==

hotkeys-js@^3.10.1:
  version "3.10.1"
  resolved "https://registry.yarnpkg.com/hotkeys-js/-/hotkeys-js-3.10.1.tgz#0c67e72298f235c9200e421ab112d156dc81356a"
  integrity sha512-mshqjgTqx8ee0qryHvRgZaZDxTwxam/2yTQmQlqAWS3+twnq1jsY9Yng9zB7lWq6WRrjTbTOc7knNwccXQiAjQ==

html-to-image@^1.10.8:
  version "1.10.8"
  resolved "https://registry.yarnpkg.com/html-to-image/-/html-to-image-1.10.8.tgz#a7875154f972868897dbda2b837c195245e23682"
  integrity sha512-t+JyFJwKDCp4ZwBp4iC/wqw0meQDDc77Qs8OFl5P7RGlIP3LQMvwpD7VXxqQfC7/TfC+GKYlFP6WDYfXTmXHfw==

iconv-lite@^0.6.3:
  version "0.6.3"
  resolved "https://registry.npmmirror.com/iconv-lite/-/iconv-lite-0.6.3.tgz#a52f80bf38da1952eb5c681790719871a1a72501"
  integrity sha512-4fCk79wshMdzMp2rH06qWrJE4iolqLhCUH+OiuIgU++RB0+94NlDL81atO7GX55uUKueo0txHNtvEyI6D7WdMw==
  dependencies:
    safer-buffer ">= 2.1.2 < 3.0.0"

image-size@~0.5.0:
  version "0.5.5"
  resolved "https://registry.npmmirror.com/image-size/-/image-size-0.5.5.tgz#09dfd4ab9d20e29eb1c3e80b8990378df9e3cb9c"
  integrity sha512-6TDAlDPZxUFCv+fuOkIoXT/V/f3Qbq8e37p+YOiYrUv3v9cc3/6x78VdfPgFVaB9dZYeLUfKgHRebpkm/oP2VQ==

infinite-viewer@~0.14.0:
  version "0.14.0"
  resolved "https://registry.yarnpkg.com/infinite-viewer/-/infinite-viewer-0.14.0.tgz#b21ca1d61126b5f07a92b699269fd1a115a36d27"
  integrity sha512-QX5Zj33bkRO8hSq0DxInqn/ShNHRM+MtKi/K8BqnXT4t4ZE6LsoDm4gtbYdCT2Hz2wnObyyJrqQchTyppk27vg==
  dependencies:
    "@daybrush/utils" "^1.3.1"
    "@egjs/agent" "^2.2.1"
    "@scena/event-emitter" "^1.0.4"
    css-styled "^1.0.0"
    framework-utils "^1.1.0"
    gesto "^1.3.0"

inflight@^1.0.4:
  version "1.0.6"
  resolved "https://mirrors.tencent.com/npm/inflight/-/inflight-1.0.6.tgz#49bd6331d7d02d0c09bc910a1075ba8165b56df9"
  integrity sha1-Sb1jMdfQLQwJvJEKEHW6gWW1bfk=
  dependencies:
    once "^1.3.0"
    wrappy "1"

inherits@2:
  version "2.0.4"
  resolved "https://mirrors.cloud.tencent.com/npm/inherits/-/inherits-2.0.4.tgz#0fa2c64f932917c3433a0ded55363aae37416b7c"
  integrity sha512-k/vGaX4/Yla3WzyMCvTQOXYeIHvqOKtnqBduzTHpzpQZzAskKMhZ2K+EnBiSM9zGSoIFeMpXKxa4dYeZIQqewQ==

is-arrayish@^0.3.1:
  version "0.3.2"
  resolved "https://registry.yarnpkg.com/is-arrayish/-/is-arrayish-0.3.2.tgz#4574a2ae56f7ab206896fb431eaeed066fdf8f03"
  integrity sha512-eVRqCvVlZbuw3GrM63ovNSNAeA1K16kaR/LRY/92w0zxQ5/1YzwblUX652i4Xs9RwAGjW9d9y6X88t8OaAJfWQ==

is-fullwidth-code-point@^3.0.0:
  version "3.0.0"
  resolved "https://registry.yarnpkg.com/is-fullwidth-code-point/-/is-fullwidth-code-point-3.0.0.tgz#f116f8064fe90b3f7844a38997c0b75051269f1d"
  integrity sha512-zymm5+u+sCsSWyD9qNaejV3DFvhCKclKdizYaJUuHA83RLjb7nSuGnddCHGv0hk+KY7BMAlsWeK4Ueg6EV6XQg==

is-what@^3.14.1:
  version "3.14.1"
  resolved "https://registry.npmmirror.com/is-what/-/is-what-3.14.1.tgz#e1222f46ddda85dead0fd1c9df131760e77755c1"
  integrity sha512-sNxgpk9793nzSs7bA6JQJGeIuRBQhAaNGG77kzYQgMkrID+lS6SlK07K5LaptscDlSaIgH+GPFzf+d75FVxozA==

"js-tokens@^3.0.0 || ^4.0.0":
  version "4.0.0"
  resolved "https://mirrors.cloud.tencent.com/npm/js-tokens/-/js-tokens-4.0.0.tgz#19203fb59991df98e3a287050d4647cdeaf32499"
  integrity sha512-RdJUflcE3cUzKiMqQgsCu06FPu9UdIJO0beYbPhHN4k6apgJtifcoCtT9bcxOpYBtpD2kCM6Sbzg4CausW/PKQ==

keycode@^2.2.0:
  version "2.2.1"
  resolved "https://registry.yarnpkg.com/keycode/-/keycode-2.2.1.tgz#09c23b2be0611d26117ea2501c2c391a01f39eff"
  integrity sha512-Rdgz9Hl9Iv4QKi8b0OlCRQEzp4AgVxyCtz5S/+VIHezDmrDhkp2N2TqBWOLz0/gbeREXOOiI9/4b8BY9uw2vFg==

keycon@^1.2.0:
  version "1.2.2"
  resolved "https://registry.yarnpkg.com/keycon/-/keycon-1.2.2.tgz#004facc286cee0a926f8f37cc2bcea23ddccdbca"
  integrity sha512-pCqrjHyPkpo2V7g/PpezezHF3MZJD8zQhxPfbpVxJx2rkmRiRzVS/b1mZK0c/jea5o6+DU35zHWvN87nVGS1gw==
  dependencies:
    "@daybrush/utils" "^1.7.1"
    "@scena/event-emitter" "^1.0.2"
    keycode "^2.2.0"

less@^4.1.3:
  version "4.1.3"
  resolved "https://registry.npmmirror.com/less/-/less-4.1.3.tgz#175be9ddcbf9b250173e0a00b4d6920a5b770246"
  integrity sha512-w16Xk/Ta9Hhyei0Gpz9m7VS8F28nieJaL/VyShID7cYvP6IL5oHeL6p4TXSDJqZE/lNv0oJ2pGVjJsRkfwm5FA==
  dependencies:
    copy-anything "^2.0.1"
    parse-node-version "^1.0.1"
    tslib "^2.3.0"
  optionalDependencies:
    errno "^0.1.1"
    graceful-fs "^4.1.2"
    image-size "~0.5.0"
    make-dir "^2.1.0"
    mime "^1.4.1"
    needle "^3.1.0"
    source-map "~0.6.0"

locate-path@^5.0.0:
  version "5.0.0"
  resolved "https://registry.yarnpkg.com/locate-path/-/locate-path-5.0.0.tgz#1afba396afd676a6d42504d0a67a3a7eb9f62aa0"
  integrity sha512-t7hw9pI+WvuwNJXwk5zVHpyhIqzg2qTlklJOf0mVxGSbe3Fp2VieZcduNYjaLDoy6p9uGpQEGWG87WpMKlNq8g==
  dependencies:
    p-locate "^4.1.0"

lodash.isequal@^4.0.0:
  version "4.5.0"
  resolved "https://mirrors.tencent.com/npm/lodash.isequal/-/lodash.isequal-4.5.0.tgz#415c4478f2bcc30120c22ce10ed3226f7d3e18e0"
  integrity sha1-QVxEePK8wwEgwizhDtMib30+GOA=

loose-envify@^1.4.0:
  version "1.4.0"
  resolved "https://mirrors.cloud.tencent.com/npm/loose-envify/-/loose-envify-1.4.0.tgz#71ee51fa7be4caec1a63839f7e682d8132d30caf"
  integrity sha512-lyuxPGr/Wfhrlem2CL/UcnUc1zcqKAImBDzukY7Y5F/yQiNdko6+fRLevlw1HgMySw7f611UIY408EtxRSoK3Q==
  dependencies:
    js-tokens "^3.0.0 || ^4.0.0"

make-dir@^2.1.0:
  version "2.1.0"
  resolved "https://registry.npmmirror.com/make-dir/-/make-dir-2.1.0.tgz#5f0310e18b8be898cc07009295a30ae41e91e6f5"
  integrity sha512-LS9X+dc8KLxXCb8dni79fLIIUA5VyZoyjSMCwTluaXA0o27cCK0bhXkpgw+sTXVpPy/lSO57ilRixqk0vDmtRA==
  dependencies:
    pify "^4.0.1"
    semver "^5.6.0"

mime@^1.4.1:
  version "1.6.0"
  resolved "https://registry.npmmirror.com/mime/-/mime-1.6.0.tgz#32cd9e5c64553bd58d19a568af452acff04981b1"
  integrity sha512-x0Vn8spI+wuJ1O6S7gnbaQg8Pxh4NNHb7KSINmEWKiPE4RKOplvijn+NkmYmmRgP68mc70j2EbeTFRsrswaQeg==

minimatch@^3.1.1:
  version "3.1.2"
  resolved "https://mirrors.tencent.com/npm/minimatch/-/minimatch-3.1.2.tgz#19cd194bfd3e428f049a70817c038d89ab4be35b"
  integrity sha512-J7p63hRiAjw1NDEww1W7i37+ByIrOWO5XQQAzZ3VOcL0PNybwpfmV/N05zFAzwQ9USyEcX6t3UO+K5aqBQOIHw==
  dependencies:
    brace-expansion "^1.1.7"

ms@^2.1.1:
  version "2.1.3"
  resolved "https://registry.npmmirror.com/ms/-/ms-2.1.3.tgz#574c8138ce1d2b5861f0b44579dbadd60c6615b2"
  integrity sha512-6FlzubTLZG3J2a/NVCAleEhjzq5oxgHyaCU9yYXvcLsvoVaHJq/s5xXI6/XXP6tz7R9xAOtHnSO/tXtF3WRTlA==

needle@^3.1.0:
  version "3.1.0"
  resolved "https://registry.npmmirror.com/needle/-/needle-3.1.0.tgz#3bf5cd090c28eb15644181ab6699e027bd6c53c9"
  integrity sha512-gCE9weDhjVGCRqS8dwDR/D3GTAeyXLXuqp7I8EzH6DllZGXSUyxuqqLh+YX9rMAWaaTFyVAg6rHGL25dqvczKw==
  dependencies:
    debug "^3.2.6"
    iconv-lite "^0.6.3"
    sax "^1.2.4"

object-assign@^4.1.1:
  version "4.1.1"
  resolved "https://mirrors.cloud.tencent.com/npm/object-assign/-/object-assign-4.1.1.tgz#2109adc7965887cfc05cbbd442cac8bfbb360863"
  integrity sha1-IQmtx5ZYh8/AXLvUQsrIv7s2CGM=

once@^1.3.0:
  version "1.4.0"
  resolved "https://mirrors.cloud.tencent.com/npm/once/-/once-1.4.0.tgz#583b1aa775961d4b113ac17d9c50baef9dd76bd1"
  integrity sha1-WDsap3WWHUsROsF9nFC6753Xa9E=
  dependencies:
    wrappy "1"

overlap-area@^1.0.0, overlap-area@^1.1.0:
  version "1.1.0"
  resolved "https://registry.yarnpkg.com/overlap-area/-/overlap-area-1.1.0.tgz#1fcaa21bdb9cb1ace973d9aa299ae6b56557a4c2"
  integrity sha512-3dlJgJCaVeXH0/eZjYVJvQiLVVrPO4U1ZGqlATtx6QGO3b5eNM6+JgUKa7oStBTdYuGTk7gVoABCW6Tp+dhRdw==
  dependencies:
    "@daybrush/utils" "^1.7.1"

p-limit@^2.2.0:
  version "2.3.0"
  resolved "https://registry.yarnpkg.com/p-limit/-/p-limit-2.3.0.tgz#3dd33c647a214fdfffd835933eb086da0dc21db1"
  integrity sha512-//88mFWSJx8lxCzwdAABTJL2MyWB12+eIY7MDL2SqLmAkeKU9qxRvWuSyTjm3FUmpBEMuFfckAIqEaVGUDxb6w==
  dependencies:
    p-try "^2.0.0"

p-locate@^4.1.0:
  version "4.1.0"
  resolved "https://registry.yarnpkg.com/p-locate/-/p-locate-4.1.0.tgz#a3428bb7088b3a60292f66919278b7c297ad4f07"
  integrity sha512-R79ZZ/0wAxKGu3oYMlz8jy/kbhsNrS7SKZ7PxEHBgJ5+F2mtFW2fK2cOtBh1cHYkQsbzFV7I+EoRKe6Yt0oK7A==
  dependencies:
    p-limit "^2.2.0"

p-try@^2.0.0:
  version "2.2.0"
  resolved "https://registry.yarnpkg.com/p-try/-/p-try-2.2.0.tgz#cb2868540e313d61de58fafbe35ce9004d5540e6"
  integrity sha512-R4nPAVTAU0B9D35/Gk3uJf/7XYbQcyohSKdvAxIRSNghFl4e71hVoGnBNQz9cWaXxO2I10KTC+3jMdvvoKw6dQ==

parse-node-version@^1.0.1:
  version "1.0.1"
  resolved "https://registry.npmmirror.com/parse-node-version/-/parse-node-version-1.0.1.tgz#e2b5dbede00e7fa9bc363607f53327e8b073189b"
  integrity sha512-3YHlOa/JgH6Mnpr05jP9eDG254US9ek25LyIxZlDItp2iJtwyaXQb57lBYLdT3MowkUFYEV2XXNAYIPlESvJlA==

path-exists@^4.0.0:
  version "4.0.0"
  resolved "https://registry.yarnpkg.com/path-exists/-/path-exists-4.0.0.tgz#513bdbe2d3b95d7762e8c1137efa195c6c61b5b3"
  integrity sha512-ak9Qy5Q7jYb2Wwcey5Fpvg2KoAc/ZIhLSLOSBmRmygPsGwkVVt0fZa0qrtMz+m6tJTAHfZQ8FnmB4MG4LWy7/w==

path-is-absolute@^1.0.0:
  version "1.0.1"
  resolved "https://mirrors.tencent.com/npm/path-is-absolute/-/path-is-absolute-1.0.1.tgz#174b9268735534ffbc7ace6bf53a5a9e1b5c5f5f"
  integrity sha1-F0uSaHNVNP+8es5r9TpanhtcX18=

pify@^4.0.1:
  version "4.0.1"
  resolved "https://registry.npmmirror.com/pify/-/pify-4.0.1.tgz#4b2cd25c50d598735c50292224fd8c6df41e3231"
  integrity sha512-uB80kBFb/tfd68bVleG9T5GGsGPjJrLAUpR5PZIrhBnIaRTQRjqdJSsIKkOP6OAIFbj7GOrcudc5pNjZ+geV2g==

pngjs@^5.0.0:
  version "5.0.0"
  resolved "https://registry.yarnpkg.com/pngjs/-/pngjs-5.0.0.tgz#e79dd2b215767fd9c04561c01236df960bce7fbb"
  integrity sha512-40QW5YalBNfQo5yRYmiw7Yz6TKKVr3h6970B2YE+3fQpsWcrbj1PzJgxeJ19DRQjhMbKPIuMY8rFaXc8moolVw==

prop-types@15.x, prop-types@^15.8.1:
  version "15.8.1"
  resolved "https://mirrors.tencent.com/npm/prop-types/-/prop-types-15.8.1.tgz#67d87bf1a694f48435cf332c24af10214a3140b5"
  integrity sha512-oj87CgZICdulUohogVAR7AjlC0327U4el4L6eAvOqCeudMDVU0NThNaV+b9Df4dXgSP1gXMTnPdhfe/2qDH5cg==
  dependencies:
    loose-envify "^1.4.0"
    object-assign "^4.1.1"
    react-is "^16.13.1"

prr@~1.0.1:
  version "1.0.1"
  resolved "https://registry.npmmirror.com/prr/-/prr-1.0.1.tgz#d3fc114ba06995a45ec6893f484ceb1d78f5f476"
  integrity sha512-yPw4Sng1gWghHQWj0B3ZggWUm4qVbPwPFcRG8KyxiU7J2OHFSoEHKS+EZ3fv5l1t9CyCiop6l/ZYeWbrgoQejw==

qrcode@^1.5.1:
  version "1.5.1"
  resolved "https://registry.yarnpkg.com/qrcode/-/qrcode-1.5.1.tgz#0103f97317409f7bc91772ef30793a54cd59f0cb"
  integrity sha512-nS8NJ1Z3md8uTjKtP+SGGhfqmTCs5flU/xR623oI0JX+Wepz9R8UrRVCTBTJm3qGw3rH6jJ6MUHjkDx15cxSSg==
  dependencies:
    dijkstrajs "^1.0.1"
    encode-utf8 "^1.0.3"
    pngjs "^5.0.0"
    yargs "^15.3.1"

react-compat-css-styled@^1.0.6:
  version "1.0.8"
  resolved "https://registry.yarnpkg.com/react-compat-css-styled/-/react-compat-css-styled-1.0.8.tgz#a6735a9a362b47bc12535e6d2c0f57262704f382"
  integrity sha512-CG0kVbpKjiLMQc85pP50+Z0R9PGp7NIkkGqO88QTjEsSMOGKYlCXIAnXdKR2ZII23NJmA4XrJry03jkXOxTUkg==
  dependencies:
    "@daybrush/utils" "^1.0.0"
    css-styled "^1.0.0"
    framework-utils "^1.1.0"
    react-css-styled "^1.0.3"

react-compat-guides@~0.15.1:
  version "0.15.1"
  resolved "https://registry.yarnpkg.com/react-compat-guides/-/react-compat-guides-0.15.1.tgz#c9c1cee50add0c8e89e324128e754998a20d45f6"
  integrity sha512-LkY38uGOuswRPvndwSco8znF+cOJJcXpighekRIdF+KTJ9h/2edI2RzBb0v5EvaG8gCXxGDdKMISTrDdzKnSFQ==
  dependencies:
    "@scena/react-guides" "~0.17.1"
    react-compat-css-styled "^1.0.6"
    react-compat-ruler "~0.8.1"

react-compat-ruler@~0.8.1:
  version "0.8.1"
  resolved "https://registry.yarnpkg.com/react-compat-ruler/-/react-compat-ruler-0.8.1.tgz#80fe34e04976868240224106dab2ef0ba5d47262"
  integrity sha512-btq323xPXX2UxrDWzTJFtYmssnammF+ojuUa5lgbMtXf2ZGuXqlwAWCh9yFr6hsz9l646Pg36o67Gy+3XaPaBg==
  dependencies:
    "@scena/react-ruler" "~0.9.1"

react-copy-to-clipboard@^5.1.0:
  version "5.1.0"
  resolved "https://registry.yarnpkg.com/react-copy-to-clipboard/-/react-copy-to-clipboard-5.1.0.tgz#09aae5ec4c62750ccb2e6421a58725eabc41255c"
  integrity sha512-k61RsNgAayIJNoy9yDsYzDe/yAZAzEbEgcz3DZMhF686LEyukcE1hzurxe85JandPUG+yTfGVFzuEw3xt8WP/A==
  dependencies:
    copy-to-clipboard "^3.3.1"
    prop-types "^15.8.1"

react-css-styled@^1.0.2, react-css-styled@^1.0.3:
  version "1.0.3"
  resolved "https://registry.yarnpkg.com/react-css-styled/-/react-css-styled-1.0.3.tgz#f6dda995f41e4777567d2464b7d12ed1373b4f1d"
  integrity sha512-6H3aZPO66PYmYg9wx12WzOJpPlBEdA7O5JefCh+4SldlihVKBCxA6mityfWSGWL5ldOkJdHJWGwHR6nGPcVm+A==
  dependencies:
    css-styled "^1.0.0"
    framework-utils "^1.1.0"

react-draggable@^4.0.0, react-draggable@^4.0.3:
  version "4.4.5"
  resolved "https://mirrors.cloud.tencent.com/npm/react-draggable/-/react-draggable-4.4.5.tgz#9e37fe7ce1a4cf843030f521a0a4cc41886d7e7c"
  integrity sha512-OMHzJdyJbYTZo4uQE393fHcqqPYsEtkjfMgvCHr6rejT+Ezn4OZbNyGH50vv+SunC1RMvwOTSWkEODQLzw1M9g==
  dependencies:
    clsx "^1.1.1"
    prop-types "^15.8.1"

react-grid-layout@^1.3.4:
  version "1.3.4"
  resolved "https://mirrors.cloud.tencent.com/npm/react-grid-layout/-/react-grid-layout-1.3.4.tgz#4fa819be24a1ba9268aa11b82d63afc4762a32ff"
  integrity sha512-sB3rNhorW77HUdOjB4JkelZTdJGQKuXLl3gNg+BI8gJkTScspL1myfZzW/EM0dLEn+1eH+xW+wNqk0oIM9o7cw==
  dependencies:
    clsx "^1.1.1"
    lodash.isequal "^4.0.0"
    prop-types "^15.8.1"
    react-draggable "^4.0.0"
    react-resizable "^3.0.4"

react-infinite-viewer@^0.14.0:
  version "0.14.0"
  resolved "https://registry.yarnpkg.com/react-infinite-viewer/-/react-infinite-viewer-0.14.0.tgz#d90c559357287715ff36f20fc3118b0477a078b2"
  integrity sha512-N5uJY1SzL8yLFanVDghLCr8jycZt2t+WkZZN23nke8HL6Oh3dN9+MNWuZb2IchmL9CCMfHaU1i3nOlXSO3cpoQ==
  dependencies:
    infinite-viewer "~0.14.0"

react-is@^16.13.1:
  version "16.13.1"
  resolved "https://registry.yarnpkg.com/react-is/-/react-is-16.13.1.tgz#789729a4dc36de2999dc156dd6c1d9c18cea56a4"
  integrity sha512-24e6ynE2H+OKt4kqsOvNd8kBpV65zoxbA4BVsEOB3ARVWQki/DHzaUoC5KuON/BiccDaCCTZBuOcfZs70kR8bQ==

react-leader-line@^1.0.5:
  version "1.0.5"
  resolved "https://registry.yarnpkg.com/react-leader-line/-/react-leader-line-1.0.5.tgz#fc98316d862c4f6b6ace1206a6b18543acc1c629"
  integrity sha512-oSFQ8M/ByqE7VSlV4Oetze9OdDR3iyPAToeCj940ON0o72m3MPuQ0fOgKHgoJ9ggk15PSzh8zHsZHMc9hV22uw==

react-moveable@^0.32.7:
  version "0.32.9"
  resolved "https://registry.yarnpkg.com/react-moveable/-/react-moveable-0.32.9.tgz#7c6558716a4f921d68d663be577a44182735e604"
  integrity sha512-657rbOHxBahdHkffcDZ6jU+wqHdSiNRK1wPmjWpXShjOezvd/lUfKCqB/SEW5ICuzOf23LQqO29anTpC+BWvCA==
  dependencies:
    "@daybrush/utils" "^1.7.0"
    "@egjs/agent" "^2.2.1"
    "@egjs/children-differ" "^1.0.1"
    "@scena/dragscroll" "^1.1.1"
    "@scena/event-emitter" "^1.0.5"
    "@scena/matrix" "^1.1.1"
    css-to-mat "^1.0.3"
    framework-utils "^1.1.0"
    gesto "^1.7.0"
    overlap-area "^1.0.0"
    react-css-styled "^1.0.3"

react-resizable@^3.0.4:
  version "3.0.4"
  resolved "https://mirrors.cloud.tencent.com/npm/react-resizable/-/react-resizable-3.0.4.tgz#aa20108eff28c52c6fddaa49abfbef8abf5e581b"
  integrity sha512-StnwmiESiamNzdRHbSSvA65b0ZQJ7eVQpPusrSmcpyGKzC0gojhtO62xxH6YOBmepk9dQTBi9yxidL3W4s3EBA==
  dependencies:
    prop-types "15.x"
    react-draggable "^4.0.3"

react-selecto@^1.16.2:
  version "1.17.0"
  resolved "https://registry.yarnpkg.com/react-selecto/-/react-selecto-1.17.0.tgz#054745ced2d8363e4800268623c9761226a4ca87"
  integrity sha512-g5RdfbgeySwxGe2dNjoZ37exFIzWitwAUKeCRttJGkZ7x2LCcMfc/8M79H/wWfAqaRqBQ+CGCYI/Zgtmz/7A6Q==
  dependencies:
    selecto "~1.17.0"

react-simple-compat@^1.2.2:
  version "1.2.3"
  resolved "https://registry.yarnpkg.com/react-simple-compat/-/react-simple-compat-1.2.3.tgz#26c330d84cb20b2036ff443303ca5250a1e5c674"
  integrity sha512-vYepRjSriGRyEmFtSsTQoHWVQRbBMYR4ONATeZtuf8GDY8jWGkc6R4+lIb5rVhPBIkx3ru68bpl+9r8V4YA/nA==
  dependencies:
    "@daybrush/utils" "^1.0.0"
    "@egjs/list-differ" "^1.0.0"

require-directory@^2.1.1:
  version "2.1.1"
  resolved "https://registry.yarnpkg.com/require-directory/-/require-directory-2.1.1.tgz#8c64ad5fd30dab1c976e2344ffe7f792a6a6df42"
  integrity sha512-fGxEI7+wsG9xrvdjsrlmL22OMTTiHRwAMroiEeMgq8gzoLC/PQr7RsRDSTLUg/bZAZtF+TVIkHc6/4RIKrui+Q==

require-main-filename@^2.0.0:
  version "2.0.0"
  resolved "https://registry.yarnpkg.com/require-main-filename/-/require-main-filename-2.0.0.tgz#d0b329ecc7cc0f61649f62215be69af54aa8989b"
  integrity sha512-NKN5kMDylKuldxYLSUfrbo5Tuzh4hd+2E8NPPX02mZtn1VuREQToYe/ZdlJy+J3uCpfaiGF05e7B8W0iXbQHmg==

rimraf@^3.0.2:
  version "3.0.2"
  resolved "https://mirrors.tencent.com/npm/rimraf/-/rimraf-3.0.2.tgz#f1a5402ba6220ad52cc1282bac1ae3aa49fd061a"
  integrity sha512-JZkJMZkAGFFPP2YqXZXPbMlMBgsxzE8ILs4lMIX/2o0L9UBw9O/Y3o6wFw/i9YLapcUJWwqbi3kdxIPdC62TIA==
  dependencies:
    glob "^7.1.3"

"safer-buffer@>= 2.1.2 < 3.0.0":
  version "2.1.2"
  resolved "https://registry.npmmirror.com/safer-buffer/-/safer-buffer-2.1.2.tgz#44fa161b0187b9549dd84bb91802f9bd8385cd6a"
  integrity sha512-YZo3K82SD7Riyi0E1EQPojLz7kpepnSQI9IyPbHHg1XXXevb5dJI7tpyN2ADxGcQbHG7vcyRHk0cbwqcQriUtg==

sax@^1.2.4:
  version "1.2.4"
  resolved "https://registry.npmmirror.com/sax/-/sax-1.2.4.tgz#2816234e2378bddc4e5354fab5caa895df7100d9"
  integrity sha512-NqVDv9TpANUjFm0N8uM5GxL36UgKi9/atZw+x7YFnQ8ckwFGKrl4xX4yWtrey3UJm5nP1kUbnYgLopqWNSRhWw==

selecto@~1.17.0:
  version "1.17.0"
  resolved "https://registry.yarnpkg.com/selecto/-/selecto-1.17.0.tgz#2466aa7bb90d42931d2374f8189c204ba65f6ed2"
  integrity sha512-z8/9laqD8lE5CSOGaAHsTyJcXEm5JI+kM6ieOYVBzkY4P1mc6wRHKZNSU+SHbaut/FFQzOojsqtFDo2/NjYu6Q==
  dependencies:
    "@daybrush/utils" "^1.7.1"
    "@egjs/children-differ" "^1.0.1"
    "@scena/dragscroll" "^1.1.1"
    "@scena/event-emitter" "^1.0.5"
    css-styled "^1.0.0"
    css-to-mat "^1.0.3"
    framework-utils "^1.1.0"
    gesto "^1.9.0"
    keycon "^1.2.0"
    overlap-area "^1.1.0"

semver@^5.6.0:
  version "5.7.1"
  resolved "https://registry.npmmirror.com/semver/-/semver-5.7.1.tgz#a954f931aeba508d307bbf069eff0c01c96116f7"
  integrity sha512-sauaDf/PZdVgrLTNYHRtpXa1iRiKcaebiKQ1BJdpQlWH2lCvexQdX55snPFyK7QzpudqbCI0qXFfOasHdyNDGQ==

set-blocking@^2.0.0:
  version "2.0.0"
  resolved "https://registry.yarnpkg.com/set-blocking/-/set-blocking-2.0.0.tgz#045f9782d011ae9a6803ddd382b24392b3d890f7"
  integrity sha512-KiKBS8AnWGEyLzofFfmvKwpdPzqiy16LvQfK3yv/fVH7Bj13/wl3JSR1J+rfgRE9q7xUJK4qvgS8raSOeLUehw==

simple-swizzle@^0.2.2:
  version "0.2.2"
  resolved "https://registry.yarnpkg.com/simple-swizzle/-/simple-swizzle-0.2.2.tgz#a4da6b635ffcccca33f70d17cb92592de95e557a"
  integrity sha512-JA//kQgZtbuY83m+xT+tXJkmJncGMTFT+C+g2h2R9uxkYIrE2yy9sgmcLhCnw57/WSD+Eh3J97FPEDFnbXnDUg==
  dependencies:
    is-arrayish "^0.3.1"

source-map@~0.6.0:
  version "0.6.1"
  resolved "https://registry.npmmirror.com/source-map/-/source-map-0.6.1.tgz#74722af32e9614e9c287a8d0bbde48b5e2f1a263"
  integrity sha512-UjgapumWlbMhkBgzT7Ykc5YXUT46F0iKu8SGXq0bcwP5dz/h0Plj6enJqjz1Zbq2l5WaqYnrVbwWOWMyF3F47g==

string-hash@^1.1.3:
  version "1.1.3"
  resolved "https://registry.yarnpkg.com/string-hash/-/string-hash-1.1.3.tgz#e8aafc0ac1855b4666929ed7dd1275df5d6c811b"
  integrity sha512-kJUvRUFK49aub+a7T1nNE66EJbZBMnBgoC1UbCZ5n6bsZKBRga4KgBRTMn/pFkeCZSYtNeSyMxPDM0AXWELk2A==

string-width@^4.1.0, string-width@^4.2.0:
  version "4.2.3"
  resolved "https://registry.yarnpkg.com/string-width/-/string-width-4.2.3.tgz#269c7117d27b05ad2e536830a8ec895ef9c6d010"
  integrity sha512-wKyQRQpjJ0sIp62ErSZdGsjMJWsap5oRNihHhu6G7JVO/9jIB6UyevL+tXuOqrng8j/cxKTWyWUwvSTriiZz/g==
  dependencies:
    emoji-regex "^8.0.0"
    is-fullwidth-code-point "^3.0.0"
    strip-ansi "^6.0.1"

strip-ansi@^6.0.0, strip-ansi@^6.0.1:
  version "6.0.1"
  resolved "https://registry.yarnpkg.com/strip-ansi/-/strip-ansi-6.0.1.tgz#9e26c63d30f53443e9489495b2105d37b67a85d9"
  integrity sha512-Y38VPSHcqkFrCpFnQ9vuSXmquuv5oXOKpGeT6aGrr3o3Gc9AlVa6JBfUSOCnbxGGZF+/0ooI7KrPuUSztUdU5A==
  dependencies:
    ansi-regex "^5.0.1"

toggle-selection@^1.0.6:
  version "1.0.6"
  resolved "https://registry.yarnpkg.com/toggle-selection/-/toggle-selection-1.0.6.tgz#6e45b1263f2017fa0acc7d89d78b15b8bf77da32"
  integrity sha512-BiZS+C1OS8g/q2RRbJmy59xpyghNBqrr6k5L/uKBGRsTfxmu3ffiRnd8mlGPUVayg8pvfi5urfnu8TU7DVOkLQ==

tslib@^2.3.0:
  version "2.4.0"
  resolved "https://registry.npmmirror.com/tslib/-/tslib-2.4.0.tgz#7cecaa7f073ce680a05847aa77be941098f36dc3"
  integrity sha512-d6xOpEDfsi2CZVlPQzGeux8XMwLT9hssAsaPYExaQMuYskwb+x1x7J371tWlbBdWHroy99KnVB6qIkUbs5X3UQ==

which-module@^2.0.0:
  version "2.0.0"
  resolved "https://registry.yarnpkg.com/which-module/-/which-module-2.0.0.tgz#d9ef07dce77b9902b8a3a8fa4b31c3e3f7e6e87a"
  integrity sha512-B+enWhmw6cjfVC7kS8Pj9pCrKSc5txArRyaYGe088shv/FGWH+0Rjx/xPgtsWfsUtS27FkP697E4DDhgrgoc0Q==

wrap-ansi@^6.2.0:
  version "6.2.0"
  resolved "https://registry.yarnpkg.com/wrap-ansi/-/wrap-ansi-6.2.0.tgz#e9393ba07102e6c91a3b221478f0257cd2856e53"
  integrity sha512-r6lPcBGxZXlIcymEu7InxDMhdW0KDxpLgoFLcguasxCaJ/SOIZwINatK9KY/tf+ZrlywOKU0UDj3ATXUBfxJXA==
  dependencies:
    ansi-styles "^4.0.0"
    string-width "^4.1.0"
    strip-ansi "^6.0.0"

wrappy@1:
  version "1.0.2"
  resolved "https://mirrors.tencent.com/npm/wrappy/-/wrappy-1.0.2.tgz#b5243d8f3ec1aa35f1364605bc0d1036e30ab69f"
  integrity sha1-tSQ9jz7BqjXxNkYFvA0QNuMKtp8=

y18n@^4.0.0:
  version "4.0.3"
  resolved "https://registry.yarnpkg.com/y18n/-/y18n-4.0.3.tgz#b5f259c82cd6e336921efd7bfd8bf560de9eeedf"
  integrity sha512-JKhqTOwSrqNA1NY5lSztJ1GrBiUodLMmIZuLiDaMRJ+itFd+ABVE8XBjOvIWL+rSqNDC74LCSFmlb/U4UZ4hJQ==

yargs-parser@^18.1.2:
  version "18.1.3"
  resolved "https://registry.yarnpkg.com/yargs-parser/-/yargs-parser-18.1.3.tgz#be68c4975c6b2abf469236b0c870362fab09a7b0"
  integrity sha512-o50j0JeToy/4K6OZcaQmW6lyXXKhq7csREXcDwk2omFPJEwUNOVtJKvmDr9EI1fAJZUyZcRF7kxGBWmRXudrCQ==
  dependencies:
    camelcase "^5.0.0"
    decamelize "^1.2.0"

yargs@^15.3.1:
  version "15.4.1"
  resolved "https://registry.yarnpkg.com/yargs/-/yargs-15.4.1.tgz#0d87a16de01aee9d8bec2bfbf74f67851730f4f8"
  integrity sha512-aePbxDmcYW++PaqBsJ+HYUFwCdv4LVvdnhBy78E57PIor8/OVvhMrADFFEDh8DHDFRv/O9i3lPhsENjO7QX0+A==
  dependencies:
    cliui "^6.0.0"
    decamelize "^1.2.0"
    find-up "^4.1.0"
    get-caller-file "^2.0.1"
    require-directory "^2.1.1"
    require-main-filename "^2.0.0"
    set-blocking "^2.0.0"
    string-width "^4.2.0"
    which-module "^2.0.0"
    y18n "^4.0.0"
    yargs-parser "^18.1.2"
