{
  "name": "@mtbird/component-basic",
  "version": "0.0.3-beta.57",
  "lockfileVersion": 1,
  "requires": true,
  "dependencies": {
    "@babel/runtime": {
      "version": "7.20.6",
      "resolved": "https://registry.npmjs.org/@babel/runtime/-/runtime-7.20.6.tgz",
      "integrity": "sha512-Q+8MqP7TiHMWzSfwiJwXCjyf4GYA4Dgw3emg/7xmwsdLJOZUp+nMqcOwOzzYheuM1rhDu8FSj2l0aoMygEuXuA==",
      "requires": {
        "regenerator-runtime": "^0.13.11"
      }
    },
    "@icons/material": {
      "version": "0.2.4",
      "resolved": "https://registry.npmjs.org/@icons/material/-/material-0.2.4.tgz",
      "integrity": "sha512-QPcGmICAPbGLGb6F/yNf/KzKqvFx8z5qx3D1yFqVAjoFmXK35EgyW+cJ57Te3CNsmzblwtzakLGFqHPqrfb4Tw=="
    },
    "antd-img-crop": {
      "version": "4.5.1",
      "resolved": "https://registry.npmjs.org/antd-img-crop/-/antd-img-crop-4.5.1.tgz",
      "integrity": "sha512-f5ernDgtHp+xZt/Sr9khlXJ3sb7uNqEUCqZ8kO6IVweU4P/xbvHkpQBfsDdHxZlL9IeVnzd0aqL8kUxCXJuNMg==",
      "requires": {
        "compare-versions": "^5.0.1",
        "react-easy-crop": "^4.6.2",
        "tslib": "^2.4.1"
      }
    },
    "compare-versions": {
      "version": "5.0.1",
      "resolved": "https://registry.npmjs.org/compare-versions/-/compare-versions-5.0.1.tgz",
      "integrity": "sha512-v8Au3l0b+Nwkp4G142JcgJFh1/TUhdxut7wzD1Nq1dyp5oa3tXaqb03EXOAB6jS4gMlalkjAUPZBMiAfKUixHQ=="
    },
    "invariant": {
      "version": "2.2.4",
      "resolved": "https://registry.npmjs.org/invariant/-/invariant-2.2.4.tgz",
      "integrity": "sha512-phJfQVBuaJM5raOpJjSfkiD6BpbCE4Ns//LaXl6wGYtUBY83nWS6Rf9tXm2e8VaK60JEjYldbPif/A2B1C2gNA==",
      "requires": {
        "loose-envify": "^1.0.0"
      }
    },
    "js-tokens": {
      "version": "4.0.0",
      "resolved": "https://registry.npmjs.org/js-tokens/-/js-tokens-4.0.0.tgz",
      "integrity": "sha512-RdJUflcE3cUzKiMqQgsCu06FPu9UdIJO0beYbPhHN4k6apgJtifcoCtT9bcxOpYBtpD2kCM6Sbzg4CausW/PKQ=="
    },
    "lodash": {
      "version": "4.17.21",
      "resolved": "https://registry.npmjs.org/lodash/-/lodash-4.17.21.tgz",
      "integrity": "sha512-v2kDEe57lecTulaDIuNTPy3Ry4gLGJ6Z1O3vE1krgXZNrsQ+LFTGHVxVjcXPs17LhbZVGedAJv8XZ1tvj5FvSg=="
    },
    "lodash-es": {
      "version": "4.17.21",
      "resolved": "https://registry.npmjs.org/lodash-es/-/lodash-es-4.17.21.tgz",
      "integrity": "sha512-mKnC+QJ9pWVzv+C4/U3rRsHapFfHvQFoFB92e52xeyGMcX6/OlIl78je1u8vePzYZSkkogMPJ2yjxxsb89cxyw=="
    },
    "loose-envify": {
      "version": "1.4.0",
      "resolved": "https://registry.npmjs.org/loose-envify/-/loose-envify-1.4.0.tgz",
      "integrity": "sha512-lyuxPGr/Wfhrlem2CL/UcnUc1zcqKAImBDzukY7Y5F/yQiNdko6+fRLevlw1HgMySw7f611UIY408EtxRSoK3Q==",
      "requires": {
        "js-tokens": "^3.0.0 || ^4.0.0"
      }
    },
    "material-colors": {
      "version": "1.2.6",
      "resolved": "https://registry.npmjs.org/material-colors/-/material-colors-1.2.6.tgz",
      "integrity": "sha512-6qE4B9deFBIa9YSpOc9O0Sgc43zTeVYbgDT5veRKSlB2+ZuHNoVVxA1L/ckMUayV9Ay9y7Z/SZCLcGteW9i7bg=="
    },
    "normalize-wheel": {
      "version": "1.0.1",
      "resolved": "https://registry.npmjs.org/normalize-wheel/-/normalize-wheel-1.0.1.tgz",
      "integrity": "sha512-1OnlAPZ3zgrk8B91HyRj+eVv+kS5u+Z0SCsak6Xil/kmgEia50ga7zfkumayonZrImffAxPU/5WcyGhzetHNPA=="
    },
    "object-assign": {
      "version": "4.1.1",
      "resolved": "https://registry.npmjs.org/object-assign/-/object-assign-4.1.1.tgz",
      "integrity": "sha512-rJgTQnkUnH1sFw8yT6VSU3zD3sWmu6sZhIseY8VX+GRu3P6F7Fu+JNDoXfklElbLJSnc3FUQHVe4cU5hj+BcUg=="
    },
    "prop-types": {
      "version": "15.8.1",
      "resolved": "https://registry.npmjs.org/prop-types/-/prop-types-15.8.1.tgz",
      "integrity": "sha512-oj87CgZICdulUohogVAR7AjlC0327U4el4L6eAvOqCeudMDVU0NThNaV+b9Df4dXgSP1gXMTnPdhfe/2qDH5cg==",
      "requires": {
        "loose-envify": "^1.4.0",
        "object-assign": "^4.1.1",
        "react-is": "^16.13.1"
      }
    },
    "react-color": {
      "version": "2.19.3",
      "resolved": "https://registry.npmjs.org/react-color/-/react-color-2.19.3.tgz",
      "integrity": "sha512-LEeGE/ZzNLIsFWa1TMe8y5VYqr7bibneWmvJwm1pCn/eNmrabWDh659JSPn9BuaMpEfU83WTOJfnCcjDZwNQTA==",
      "requires": {
        "@icons/material": "^0.2.4",
        "lodash": "^4.17.15",
        "lodash-es": "^4.17.15",
        "material-colors": "^1.2.1",
        "prop-types": "^15.5.10",
        "reactcss": "^1.2.0",
        "tinycolor2": "^1.4.1"
      }
    },
    "react-easy-crop": {
      "version": "4.6.2",
      "resolved": "https://registry.npmjs.org/react-easy-crop/-/react-easy-crop-4.6.2.tgz",
      "integrity": "sha512-qTGU3TWPwdAdNJsbM0OLbDx+Vjes9vWOnm1AUBiVp4GOzZacBQbUzVE9jYprFoWRrJZSn3GEwnxk0YhLAvdiYQ==",
      "requires": {
        "normalize-wheel": "^1.0.1",
        "tslib": "2.0.1"
      },
      "dependencies": {
        "tslib": {
          "version": "2.0.1",
          "resolved": "https://registry.npmjs.org/tslib/-/tslib-2.0.1.tgz",
          "integrity": "sha512-SgIkNheinmEBgx1IUNirK0TUD4X9yjjBRTqqjggWCU3pUEqIk3/Uwl3yRixYKT6WjQuGiwDv4NomL3wqRCj+CQ=="
        }
      }
    },
    "react-is": {
      "version": "16.13.1",
      "resolved": "https://registry.npmjs.org/react-is/-/react-is-16.13.1.tgz",
      "integrity": "sha512-24e6ynE2H+OKt4kqsOvNd8kBpV65zoxbA4BVsEOB3ARVWQki/DHzaUoC5KuON/BiccDaCCTZBuOcfZs70kR8bQ=="
    },
    "react-sortable-hoc": {
      "version": "2.0.0",
      "resolved": "https://registry.npmjs.org/react-sortable-hoc/-/react-sortable-hoc-2.0.0.tgz",
      "integrity": "sha512-JZUw7hBsAHXK7PTyErJyI7SopSBFRcFHDjWW5SWjcugY0i6iH7f+eJkY8cJmGMlZ1C9xz1J3Vjz0plFpavVeRg==",
      "requires": {
        "@babel/runtime": "^7.2.0",
        "invariant": "^2.2.4",
        "prop-types": "^15.5.7"
      }
    },
    "reactcss": {
      "version": "1.2.3",
      "resolved": "https://registry.npmjs.org/reactcss/-/reactcss-1.2.3.tgz",
      "integrity": "sha512-KiwVUcFu1RErkI97ywr8nvx8dNOpT03rbnma0SSalTYjkrPYaEajR4a/MRt6DZ46K6arDRbWMNHF+xH7G7n/8A==",
      "requires": {
        "lodash": "^4.0.1"
      }
    },
    "regenerator-runtime": {
      "version": "0.13.11",
      "resolved": "https://registry.npmjs.org/regenerator-runtime/-/regenerator-runtime-0.13.11.tgz",
      "integrity": "sha512-kY1AZVr2Ra+t+piVaJ4gxaFaReZVH40AKNo7UCX6W+dEwBo/2oZJzqfuN1qLq1oL45o56cPaTXELwrTh8Fpggg=="
    },
    "tinycolor2": {
      "version": "1.4.2",
      "resolved": "https://registry.npmjs.org/tinycolor2/-/tinycolor2-1.4.2.tgz",
      "integrity": "sha512-vJhccZPs965sV/L2sU4oRQVAos0pQXwsvTLkWYdqJ+a8Q5kPFzJTuOFwy7UniPli44NKQGAglksjvOcpo95aZA=="
    },
    "tslib": {
      "version": "2.4.1",
      "resolved": "https://registry.npmjs.org/tslib/-/tslib-2.4.1.tgz",
      "integrity": "sha512-tGyy4dAjRIEwI7BzsB0lynWgOpfqjUdq91XXAlIWD2OwKBH7oCl/GZG/HT4BOHrTlPMOASlMQ7veyTqpmRcrNA=="
    }
  }
}
