# THIS IS AN AUTOGENERATED FILE. DO NOT EDIT THIS FILE DIRECTLY.
# yarn lockfile v1


"@mtbird/core@^0.0.3-beta.43":
  version "0.0.3-beta.43"
  resolved "https://registry.yarnpkg.com/@mtbird/core/-/core-0.0.3-beta.43.tgz#e508228f76161bfda6455d5d7222a63686760dc9"
  integrity sha512-WoxVtXmHnRFVX5RIWW4yzZmejTp3Bt9YDIJE9ob+hw/A7bdA3zsDzowUdOzouRlf11oAndvuCEvChtkky8M+VQ==
  dependencies:
    eventemitter2 "^6.4.9"
    nanoid "^4.0.0"

eventemitter2@^6.4.9:
  version "6.4.9"
  resolved "https://registry.yarnpkg.com/eventemitter2/-/eventemitter2-6.4.9.tgz#41f2750781b4230ed58827bc119d293471ecb125"
  integrity sha512-JEPTiaOt9f04oa6NOkc4aH+nVp5I3wEjpHbIPqfgCdD5v5bUzy7xQqwcVO2aDQgOWhI28da57HksMrzK9HlRxg==

nanoid@^4.0.0:
  version "4.0.1"
  resolved "https://registry.yarnpkg.com/nanoid/-/nanoid-4.0.1.tgz#398d7ccfdbf9faf2231b2ca7e8fff5dbca6a509b"
  integrity sha512-udKGtCCUafD3nQtJg9wBhRP3KMbPglUsgV5JVsXhvyBs/oefqb4sqMEhKBBgqZncYowu58p1prsZQBYvAj/Gww==
